
Microsoft Visual Studio Solution File, Format Version 12.00
# Visual Studio Version 17
VisualStudioVersion = 17.1.32421.90
MinimumVisualStudioVersion = 10.0.40219.1
Project("{8BC9CEB8-8B4A-11D0-8D11-00A0C91BC942}") = "에라토스테네스의 체(소수 구분)", "에라토스테네스의 체(소수 구분)\에라토스테네스의 체(소수 구분).vcxproj", "{5B262690-0E76-4E09-B9D5-6B23191EA825}"
EndProject
Project("{8BC9CEB8-8B4A-11D0-8D11-00A0C91BC942}") = "포인터와 참조", "포인터와 참조\포인터와 참조.vcxproj", "{67F72CE4-B507-45D8-B0F5-CAECF20C1816}"
EndProject
Project("{8BC9CEB8-8B4A-11D0-8D11-00A0C91BC942}") = "구조체와 클래스", "구조체와 클래스\구조체와 클래스.vcxproj", "{CBF9E161-FC1A-4259-9C86-6E4184BDEA2D}"
EndProject
Project("{8BC9CEB8-8B4A-11D0-8D11-00A0C91BC942}") = "객체,인스턴스,클래스", "객체,인스턴스,클래스\객체,인스턴스,클래스.vcxproj", "{E307F62A-F8BF-4FAB-AEF6-24BAC4F0E8C1}"
EndProject
Project("{8BC9CEB8-8B4A-11D0-8D11-00A0C91BC942}") = "public,private,protected", "public,private,protected\public,private,protected.vcxproj", "{7C6E8D20-670A-44FE-9B7C-BB6FA61383E6}"
EndProject
Project("{8BC9CEB8-8B4A-11D0-8D11-00A0C91BC942}") = "생성자", "생성자\생성자.vcxproj", "{420C357F-7C25-436B-A87B-B921249F0010}"
EndProject
Project("{8BC9CEB8-8B4A-11D0-8D11-00A0C91BC942}") = "상속관계 생성자호출", "상속관계 생성자호출\상속관계 생성자호출.vcxproj", "{08A85463-E9F2-4CC7-B45C-7C374C7A607A}"
EndProject
Project("{8BC9CEB8-8B4A-11D0-8D11-00A0C91BC942}") = "this포인터", "this포인터\this포인터.vcxproj", "{0C5B2BA4-0FB4-4A2C-9748-0B973432555B}"
EndProject
Project("{8BC9CEB8-8B4A-11D0-8D11-00A0C91BC942}") = "소멸자", "소멸자\소멸자.vcxproj", "{D1B55138-BD68-4E4B-8F88-CF038B55E394}"
EndProject
Project("{8BC9CEB8-8B4A-11D0-8D11-00A0C91BC942}") = "복사생성자", "복사생성자\복사생성자.vcxproj", "{EF645BE4-141D-49AB-B562-AB869747930D}"
EndProject
Project("{8BC9CEB8-8B4A-11D0-8D11-00A0C91BC942}") = "오버로딩", "오버로딩\오버로딩.vcxproj", "{4F4DB354-E1CB-4350-9FF3-DD95C3DE8B26}"
EndProject
Project("{8BC9CEB8-8B4A-11D0-8D11-00A0C91BC942}") = "오버라이딩", "오버라이딩\오버라이딩.vcxproj", "{AA5C3D78-DAA9-4301-9B6F-06892279119D}"
EndProject
Project("{8BC9CEB8-8B4A-11D0-8D11-00A0C91BC942}") = "virtual", "virtual\virtual.vcxproj", "{A035E26C-C803-48FF-B994-B82BD92009C8}"
EndProject
Project("{8BC9CEB8-8B4A-11D0-8D11-00A0C91BC942}") = "friend", "friend\friend.vcxproj", "{25AFF6D5-7A12-40C0-BE71-C3AB7CA28D1C}"
EndProject
Project("{8BC9CEB8-8B4A-11D0-8D11-00A0C91BC942}") = "const", "const\const.vcxproj", "{D0ACD1CD-6616-4FB0-AD84-FE63ED16A6FD}"
EndProject
Project("{8BC9CEB8-8B4A-11D0-8D11-00A0C91BC942}") = "연산자오버로딩", "연산자오버로딩\연산자오버로딩.vcxproj", "{08620345-C459-486D-BE47-85852F7AC036}"
EndProject
Project("{8BC9CEB8-8B4A-11D0-8D11-00A0C91BC942}") = "연산자오버라이딩(cout,cin,endl)", "연산자오버라이딩(cout,cin,endl)\연산자오버라이딩(cout,cin,endl).vcxproj", "{D37A757E-3158-4773-977F-3480542E2B65}"
EndProject
Project("{8BC9CEB8-8B4A-11D0-8D11-00A0C91BC942}") = "템플릿", "템플릿\템플릿.vcxproj", "{250B3EE8-E8C6-41B6-8F22-240DC5D1C4BF}"
EndProject
Project("{8BC9CEB8-8B4A-11D0-8D11-00A0C91BC942}") = "템플릿클래스", "템플릿클래스\템플릿클래스.vcxproj", "{92AC2307-578E-46D3-9290-9ABCF6A67547}"
EndProject
Project("{8BC9CEB8-8B4A-11D0-8D11-00A0C91BC942}") = "변수형타입auto", "변수형타입auto\변수형타입auto.vcxproj", "{D48EA985-65C3-435E-95D6-058CF8FFE394}"
EndProject
Project("{8BC9CEB8-8B4A-11D0-8D11-00A0C91BC942}") = "Lambda", "Lambda\Lambda.vcxproj", "{6E420466-C5F6-4880-9496-1A46BB07150B}"
EndProject
Project("{8BC9CEB8-8B4A-11D0-8D11-00A0C91BC942}") = "Lambda Capture", "Lambda Capture\Lambda Capture.vcxproj", "{9750D2C6-0DA3-4B3E-8490-F6AC2EA132B0}"
EndProject
Project("{8BC9CEB8-8B4A-11D0-8D11-00A0C91BC942}") = "Lambda Params", "Lambda Params\Lambda Params.vcxproj", "{A9982EBD-2F85-4B7C-8E78-1C5A8C1FEF2A}"
EndProject
Project("{8BC9CEB8-8B4A-11D0-8D11-00A0C91BC942}") = "Lambda return", "Lambda return\Lambda return.vcxproj", "{8AD7A5B6-0A74-42E9-93D3-EC827A582265}"
EndProject
Project("{8BC9CEB8-8B4A-11D0-8D11-00A0C91BC942}") = "inline함수", "inline함수\inline함수.vcxproj", "{95ADECF5-35AF-4EBD-9EF1-110B25EED41B}"
EndProject
Project("{8BC9CEB8-8B4A-11D0-8D11-00A0C91BC942}") = "함수객체란", "함수객체란\함수객체란.vcxproj", "{96A344D9-755F-4689-92E9-85EF5E586ECA}"
EndProject
Project("{8BC9CEB8-8B4A-11D0-8D11-00A0C91BC942}") = "함수포인터", "함수포인터\함수포인터.vcxproj", "{56D1DAF8-4AB5-4E99-8F75-59BCD8386E49}"
EndProject
Project("{8BC9CEB8-8B4A-11D0-8D11-00A0C91BC942}") = "for_each개념", "for_each개념\for_each개념.vcxproj", "{C40BE7F8-FDB7-423C-84FA-D4D65A7AA351}"
EndProject
Project("{8BC9CEB8-8B4A-11D0-8D11-00A0C91BC942}") = "vector사용", "vector사용\vector사용.vcxproj", "{A5649C77-81B0-4383-B097-D21219E4863C}"
EndProject
Project("{8BC9CEB8-8B4A-11D0-8D11-00A0C91BC942}") = "string사용", "string사용\string사용.vcxproj", "{97327E2E-F6FC-44EA-99F6-E3F9E1C26AFE}"
EndProject
Project("{8BC9CEB8-8B4A-11D0-8D11-00A0C91BC942}") = "set사용", "set사용\set사용.vcxproj", "{4A3C54D1-DC23-4E58-A4F8-C771626FCF15}"
EndProject
Project("{8BC9CEB8-8B4A-11D0-8D11-00A0C91BC942}") = "move, rvalue, lvalue", "move, rvalue, lvalue\move, rvalue, lvalue.vcxproj", "{10C2334F-F002-4346-BAEA-B83051E597A7}"
EndProject
Project("{8BC9CEB8-8B4A-11D0-8D11-00A0C91BC942}") = "map사용", "map사용\map사용.vcxproj", "{9D98250D-831C-489D-B929-274844BC44B2}"
EndProject
Project("{8BC9CEB8-8B4A-11D0-8D11-00A0C91BC942}") = "스마트포인터1 unique_ptr", "스마트포인터1 unique_ptr\스마트포인터1 unique_ptr.vcxproj", "{B64F4C74-49A5-4237-A1E6-728985AEB9D0}"
EndProject
Project("{8BC9CEB8-8B4A-11D0-8D11-00A0C91BC942}") = "스마트포인터2 shared_ptr", "스마트포인터2 shared_ptr\스마트포인터2 shared_ptr.vcxproj", "{72899084-3240-48A8-91DC-9E55DAE09B3C}"
EndProject
Project("{8BC9CEB8-8B4A-11D0-8D11-00A0C91BC942}") = "스마트포인터3 weak_ptr", "스마트포인터3 weak_ptr\스마트포인터3 weak_ptr.vcxproj", "{C7958C53-E706-4E81-9A8D-8B9FE065E7B0}"
EndProject
Project("{8BC9CEB8-8B4A-11D0-8D11-00A0C91BC942}") = "파일입출력 Window전용", "파일입출력 Window전용\파일입출력 Window전용.vcxproj", "{2133207E-1284-41E4-AA42-7A2ADB20C252}"
EndProject
Project("{8BC9CEB8-8B4A-11D0-8D11-00A0C91BC942}") = "파일입출력 사용자Window경로가져오기", "파일입출력 사용자Window경로가져오기\파일입출력 사용자Window경로가져오기.vcxproj", "{4A9FB7D3-534F-40D5-8F84-CD93FE27A178}"
EndProject
Global
	GlobalSection(SolutionConfigurationPlatforms) = preSolution
		Debug|x64 = Debug|x64
		Debug|x86 = Debug|x86
		Release|x64 = Release|x64
		Release|x86 = Release|x86
	EndGlobalSection
	GlobalSection(ProjectConfigurationPlatforms) = postSolution
		{5B262690-0E76-4E09-B9D5-6B23191EA825}.Debug|x64.ActiveCfg = Debug|x64
		{5B262690-0E76-4E09-B9D5-6B23191EA825}.Debug|x64.Build.0 = Debug|x64
		{5B262690-0E76-4E09-B9D5-6B23191EA825}.Debug|x86.ActiveCfg = Debug|Win32
		{5B262690-0E76-4E09-B9D5-6B23191EA825}.Debug|x86.Build.0 = Debug|Win32
		{5B262690-0E76-4E09-B9D5-6B23191EA825}.Release|x64.ActiveCfg = Release|x64
		{5B262690-0E76-4E09-B9D5-6B23191EA825}.Release|x64.Build.0 = Release|x64
		{5B262690-0E76-4E09-B9D5-6B23191EA825}.Release|x86.ActiveCfg = Release|Win32
		{5B262690-0E76-4E09-B9D5-6B23191EA825}.Release|x86.Build.0 = Release|Win32
		{67F72CE4-B507-45D8-B0F5-CAECF20C1816}.Debug|x64.ActiveCfg = Debug|x64
		{67F72CE4-B507-45D8-B0F5-CAECF20C1816}.Debug|x64.Build.0 = Debug|x64
		{67F72CE4-B507-45D8-B0F5-CAECF20C1816}.Debug|x86.ActiveCfg = Debug|Win32
		{67F72CE4-B507-45D8-B0F5-CAECF20C1816}.Debug|x86.Build.0 = Debug|Win32
		{67F72CE4-B507-45D8-B0F5-CAECF20C1816}.Release|x64.ActiveCfg = Release|x64
		{67F72CE4-B507-45D8-B0F5-CAECF20C1816}.Release|x64.Build.0 = Release|x64
		{67F72CE4-B507-45D8-B0F5-CAECF20C1816}.Release|x86.ActiveCfg = Release|Win32
		{67F72CE4-B507-45D8-B0F5-CAECF20C1816}.Release|x86.Build.0 = Release|Win32
		{CBF9E161-FC1A-4259-9C86-6E4184BDEA2D}.Debug|x64.ActiveCfg = Debug|x64
		{CBF9E161-FC1A-4259-9C86-6E4184BDEA2D}.Debug|x64.Build.0 = Debug|x64
		{CBF9E161-FC1A-4259-9C86-6E4184BDEA2D}.Debug|x86.ActiveCfg = Debug|Win32
		{CBF9E161-FC1A-4259-9C86-6E4184BDEA2D}.Debug|x86.Build.0 = Debug|Win32
		{CBF9E161-FC1A-4259-9C86-6E4184BDEA2D}.Release|x64.ActiveCfg = Release|x64
		{CBF9E161-FC1A-4259-9C86-6E4184BDEA2D}.Release|x64.Build.0 = Release|x64
		{CBF9E161-FC1A-4259-9C86-6E4184BDEA2D}.Release|x86.ActiveCfg = Release|Win32
		{CBF9E161-FC1A-4259-9C86-6E4184BDEA2D}.Release|x86.Build.0 = Release|Win32
		{E307F62A-F8BF-4FAB-AEF6-24BAC4F0E8C1}.Debug|x64.ActiveCfg = Debug|x64
		{E307F62A-F8BF-4FAB-AEF6-24BAC4F0E8C1}.Debug|x64.Build.0 = Debug|x64
		{E307F62A-F8BF-4FAB-AEF6-24BAC4F0E8C1}.Debug|x86.ActiveCfg = Debug|Win32
		{E307F62A-F8BF-4FAB-AEF6-24BAC4F0E8C1}.Debug|x86.Build.0 = Debug|Win32
		{E307F62A-F8BF-4FAB-AEF6-24BAC4F0E8C1}.Release|x64.ActiveCfg = Release|x64
		{E307F62A-F8BF-4FAB-AEF6-24BAC4F0E8C1}.Release|x64.Build.0 = Release|x64
		{E307F62A-F8BF-4FAB-AEF6-24BAC4F0E8C1}.Release|x86.ActiveCfg = Release|Win32
		{E307F62A-F8BF-4FAB-AEF6-24BAC4F0E8C1}.Release|x86.Build.0 = Release|Win32
		{7C6E8D20-670A-44FE-9B7C-BB6FA61383E6}.Debug|x64.ActiveCfg = Debug|x64
		{7C6E8D20-670A-44FE-9B7C-BB6FA61383E6}.Debug|x64.Build.0 = Debug|x64
		{7C6E8D20-670A-44FE-9B7C-BB6FA61383E6}.Debug|x86.ActiveCfg = Debug|Win32
		{7C6E8D20-670A-44FE-9B7C-BB6FA61383E6}.Debug|x86.Build.0 = Debug|Win32
		{7C6E8D20-670A-44FE-9B7C-BB6FA61383E6}.Release|x64.ActiveCfg = Release|x64
		{7C6E8D20-670A-44FE-9B7C-BB6FA61383E6}.Release|x64.Build.0 = Release|x64
		{7C6E8D20-670A-44FE-9B7C-BB6FA61383E6}.Release|x86.ActiveCfg = Release|Win32
		{7C6E8D20-670A-44FE-9B7C-BB6FA61383E6}.Release|x86.Build.0 = Release|Win32
		{420C357F-7C25-436B-A87B-B921249F0010}.Debug|x64.ActiveCfg = Debug|x64
		{420C357F-7C25-436B-A87B-B921249F0010}.Debug|x64.Build.0 = Debug|x64
		{420C357F-7C25-436B-A87B-B921249F0010}.Debug|x86.ActiveCfg = Debug|Win32
		{420C357F-7C25-436B-A87B-B921249F0010}.Debug|x86.Build.0 = Debug|Win32
		{420C357F-7C25-436B-A87B-B921249F0010}.Release|x64.ActiveCfg = Release|x64
		{420C357F-7C25-436B-A87B-B921249F0010}.Release|x64.Build.0 = Release|x64
		{420C357F-7C25-436B-A87B-B921249F0010}.Release|x86.ActiveCfg = Release|Win32
		{420C357F-7C25-436B-A87B-B921249F0010}.Release|x86.Build.0 = Release|Win32
		{08A85463-E9F2-4CC7-B45C-7C374C7A607A}.Debug|x64.ActiveCfg = Debug|x64
		{08A85463-E9F2-4CC7-B45C-7C374C7A607A}.Debug|x64.Build.0 = Debug|x64
		{08A85463-E9F2-4CC7-B45C-7C374C7A607A}.Debug|x86.ActiveCfg = Debug|Win32
		{08A85463-E9F2-4CC7-B45C-7C374C7A607A}.Debug|x86.Build.0 = Debug|Win32
		{08A85463-E9F2-4CC7-B45C-7C374C7A607A}.Release|x64.ActiveCfg = Release|x64
		{08A85463-E9F2-4CC7-B45C-7C374C7A607A}.Release|x64.Build.0 = Release|x64
		{08A85463-E9F2-4CC7-B45C-7C374C7A607A}.Release|x86.ActiveCfg = Release|Win32
		{08A85463-E9F2-4CC7-B45C-7C374C7A607A}.Release|x86.Build.0 = Release|Win32
		{0C5B2BA4-0FB4-4A2C-9748-0B973432555B}.Debug|x64.ActiveCfg = Debug|x64
		{0C5B2BA4-0FB4-4A2C-9748-0B973432555B}.Debug|x64.Build.0 = Debug|x64
		{0C5B2BA4-0FB4-4A2C-9748-0B973432555B}.Debug|x86.ActiveCfg = Debug|Win32
		{0C5B2BA4-0FB4-4A2C-9748-0B973432555B}.Debug|x86.Build.0 = Debug|Win32
		{0C5B2BA4-0FB4-4A2C-9748-0B973432555B}.Release|x64.ActiveCfg = Release|x64
		{0C5B2BA4-0FB4-4A2C-9748-0B973432555B}.Release|x64.Build.0 = Release|x64
		{0C5B2BA4-0FB4-4A2C-9748-0B973432555B}.Release|x86.ActiveCfg = Release|Win32
		{0C5B2BA4-0FB4-4A2C-9748-0B973432555B}.Release|x86.Build.0 = Release|Win32
		{D1B55138-BD68-4E4B-8F88-CF038B55E394}.Debug|x64.ActiveCfg = Debug|x64
		{D1B55138-BD68-4E4B-8F88-CF038B55E394}.Debug|x64.Build.0 = Debug|x64
		{D1B55138-BD68-4E4B-8F88-CF038B55E394}.Debug|x86.ActiveCfg = Debug|Win32
		{D1B55138-BD68-4E4B-8F88-CF038B55E394}.Debug|x86.Build.0 = Debug|Win32
		{D1B55138-BD68-4E4B-8F88-CF038B55E394}.Release|x64.ActiveCfg = Release|x64
		{D1B55138-BD68-4E4B-8F88-CF038B55E394}.Release|x64.Build.0 = Release|x64
		{D1B55138-BD68-4E4B-8F88-CF038B55E394}.Release|x86.ActiveCfg = Release|Win32
		{D1B55138-BD68-4E4B-8F88-CF038B55E394}.Release|x86.Build.0 = Release|Win32
		{EF645BE4-141D-49AB-B562-AB869747930D}.Debug|x64.ActiveCfg = Debug|x64
		{EF645BE4-141D-49AB-B562-AB869747930D}.Debug|x64.Build.0 = Debug|x64
		{EF645BE4-141D-49AB-B562-AB869747930D}.Debug|x86.ActiveCfg = Debug|Win32
		{EF645BE4-141D-49AB-B562-AB869747930D}.Debug|x86.Build.0 = Debug|Win32
		{EF645BE4-141D-49AB-B562-AB869747930D}.Release|x64.ActiveCfg = Release|x64
		{EF645BE4-141D-49AB-B562-AB869747930D}.Release|x64.Build.0 = Release|x64
		{EF645BE4-141D-49AB-B562-AB869747930D}.Release|x86.ActiveCfg = Release|Win32
		{EF645BE4-141D-49AB-B562-AB869747930D}.Release|x86.Build.0 = Release|Win32
		{4F4DB354-E1CB-4350-9FF3-DD95C3DE8B26}.Debug|x64.ActiveCfg = Debug|x64
		{4F4DB354-E1CB-4350-9FF3-DD95C3DE8B26}.Debug|x64.Build.0 = Debug|x64
		{4F4DB354-E1CB-4350-9FF3-DD95C3DE8B26}.Debug|x86.ActiveCfg = Debug|Win32
		{4F4DB354-E1CB-4350-9FF3-DD95C3DE8B26}.Debug|x86.Build.0 = Debug|Win32
		{4F4DB354-E1CB-4350-9FF3-DD95C3DE8B26}.Release|x64.ActiveCfg = Release|x64
		{4F4DB354-E1CB-4350-9FF3-DD95C3DE8B26}.Release|x64.Build.0 = Release|x64
		{4F4DB354-E1CB-4350-9FF3-DD95C3DE8B26}.Release|x86.ActiveCfg = Release|Win32
		{4F4DB354-E1CB-4350-9FF3-DD95C3DE8B26}.Release|x86.Build.0 = Release|Win32
		{AA5C3D78-DAA9-4301-9B6F-06892279119D}.Debug|x64.ActiveCfg = Debug|x64
		{AA5C3D78-DAA9-4301-9B6F-06892279119D}.Debug|x64.Build.0 = Debug|x64
		{AA5C3D78-DAA9-4301-9B6F-06892279119D}.Debug|x86.ActiveCfg = Debug|Win32
		{AA5C3D78-DAA9-4301-9B6F-06892279119D}.Debug|x86.Build.0 = Debug|Win32
		{AA5C3D78-DAA9-4301-9B6F-06892279119D}.Release|x64.ActiveCfg = Release|x64
		{AA5C3D78-DAA9-4301-9B6F-06892279119D}.Release|x64.Build.0 = Release|x64
		{AA5C3D78-DAA9-4301-9B6F-06892279119D}.Release|x86.ActiveCfg = Release|Win32
		{AA5C3D78-DAA9-4301-9B6F-06892279119D}.Release|x86.Build.0 = Release|Win32
		{A035E26C-C803-48FF-B994-B82BD92009C8}.Debug|x64.ActiveCfg = Debug|x64
		{A035E26C-C803-48FF-B994-B82BD92009C8}.Debug|x64.Build.0 = Debug|x64
		{A035E26C-C803-48FF-B994-B82BD92009C8}.Debug|x86.ActiveCfg = Debug|Win32
		{A035E26C-C803-48FF-B994-B82BD92009C8}.Debug|x86.Build.0 = Debug|Win32
		{A035E26C-C803-48FF-B994-B82BD92009C8}.Release|x64.ActiveCfg = Release|x64
		{A035E26C-C803-48FF-B994-B82BD92009C8}.Release|x64.Build.0 = Release|x64
		{A035E26C-C803-48FF-B994-B82BD92009C8}.Release|x86.ActiveCfg = Release|Win32
		{A035E26C-C803-48FF-B994-B82BD92009C8}.Release|x86.Build.0 = Release|Win32
		{25AFF6D5-7A12-40C0-BE71-C3AB7CA28D1C}.Debug|x64.ActiveCfg = Debug|x64
		{25AFF6D5-7A12-40C0-BE71-C3AB7CA28D1C}.Debug|x64.Build.0 = Debug|x64
		{25AFF6D5-7A12-40C0-BE71-C3AB7CA28D1C}.Debug|x86.ActiveCfg = Debug|Win32
		{25AFF6D5-7A12-40C0-BE71-C3AB7CA28D1C}.Debug|x86.Build.0 = Debug|Win32
		{25AFF6D5-7A12-40C0-BE71-C3AB7CA28D1C}.Release|x64.ActiveCfg = Release|x64
		{25AFF6D5-7A12-40C0-BE71-C3AB7CA28D1C}.Release|x64.Build.0 = Release|x64
		{25AFF6D5-7A12-40C0-BE71-C3AB7CA28D1C}.Release|x86.ActiveCfg = Release|Win32
		{25AFF6D5-7A12-40C0-BE71-C3AB7CA28D1C}.Release|x86.Build.0 = Release|Win32
		{D0ACD1CD-6616-4FB0-AD84-FE63ED16A6FD}.Debug|x64.ActiveCfg = Debug|x64
		{D0ACD1CD-6616-4FB0-AD84-FE63ED16A6FD}.Debug|x64.Build.0 = Debug|x64
		{D0ACD1CD-6616-4FB0-AD84-FE63ED16A6FD}.Debug|x86.ActiveCfg = Debug|Win32
		{D0ACD1CD-6616-4FB0-AD84-FE63ED16A6FD}.Debug|x86.Build.0 = Debug|Win32
		{D0ACD1CD-6616-4FB0-AD84-FE63ED16A6FD}.Release|x64.ActiveCfg = Release|x64
		{D0ACD1CD-6616-4FB0-AD84-FE63ED16A6FD}.Release|x64.Build.0 = Release|x64
		{D0ACD1CD-6616-4FB0-AD84-FE63ED16A6FD}.Release|x86.ActiveCfg = Release|Win32
		{D0ACD1CD-6616-4FB0-AD84-FE63ED16A6FD}.Release|x86.Build.0 = Release|Win32
		{08620345-C459-486D-BE47-85852F7AC036}.Debug|x64.ActiveCfg = Debug|x64
		{08620345-C459-486D-BE47-85852F7AC036}.Debug|x64.Build.0 = Debug|x64
		{08620345-C459-486D-BE47-85852F7AC036}.Debug|x86.ActiveCfg = Debug|Win32
		{08620345-C459-486D-BE47-85852F7AC036}.Debug|x86.Build.0 = Debug|Win32
		{08620345-C459-486D-BE47-85852F7AC036}.Release|x64.ActiveCfg = Release|x64
		{08620345-C459-486D-BE47-85852F7AC036}.Release|x64.Build.0 = Release|x64
		{08620345-C459-486D-BE47-85852F7AC036}.Release|x86.ActiveCfg = Release|Win32
		{08620345-C459-486D-BE47-85852F7AC036}.Release|x86.Build.0 = Release|Win32
		{D37A757E-3158-4773-977F-3480542E2B65}.Debug|x64.ActiveCfg = Debug|x64
		{D37A757E-3158-4773-977F-3480542E2B65}.Debug|x64.Build.0 = Debug|x64
		{D37A757E-3158-4773-977F-3480542E2B65}.Debug|x86.ActiveCfg = Debug|Win32
		{D37A757E-3158-4773-977F-3480542E2B65}.Debug|x86.Build.0 = Debug|Win32
		{D37A757E-3158-4773-977F-3480542E2B65}.Release|x64.ActiveCfg = Release|x64
		{D37A757E-3158-4773-977F-3480542E2B65}.Release|x64.Build.0 = Release|x64
		{D37A757E-3158-4773-977F-3480542E2B65}.Release|x86.ActiveCfg = Release|Win32
		{D37A757E-3158-4773-977F-3480542E2B65}.Release|x86.Build.0 = Release|Win32
		{250B3EE8-E8C6-41B6-8F22-240DC5D1C4BF}.Debug|x64.ActiveCfg = Debug|x64
		{250B3EE8-E8C6-41B6-8F22-240DC5D1C4BF}.Debug|x64.Build.0 = Debug|x64
		{250B3EE8-E8C6-41B6-8F22-240DC5D1C4BF}.Debug|x86.ActiveCfg = Debug|Win32
		{250B3EE8-E8C6-41B6-8F22-240DC5D1C4BF}.Debug|x86.Build.0 = Debug|Win32
		{250B3EE8-E8C6-41B6-8F22-240DC5D1C4BF}.Release|x64.ActiveCfg = Release|x64
		{250B3EE8-E8C6-41B6-8F22-240DC5D1C4BF}.Release|x64.Build.0 = Release|x64
		{250B3EE8-E8C6-41B6-8F22-240DC5D1C4BF}.Release|x86.ActiveCfg = Release|Win32
		{250B3EE8-E8C6-41B6-8F22-240DC5D1C4BF}.Release|x86.Build.0 = Release|Win32
		{92AC2307-578E-46D3-9290-9ABCF6A67547}.Debug|x64.ActiveCfg = Debug|x64
		{92AC2307-578E-46D3-9290-9ABCF6A67547}.Debug|x64.Build.0 = Debug|x64
		{92AC2307-578E-46D3-9290-9ABCF6A67547}.Debug|x86.ActiveCfg = Debug|Win32
		{92AC2307-578E-46D3-9290-9ABCF6A67547}.Debug|x86.Build.0 = Debug|Win32
		{92AC2307-578E-46D3-9290-9ABCF6A67547}.Release|x64.ActiveCfg = Release|x64
		{92AC2307-578E-46D3-9290-9ABCF6A67547}.Release|x64.Build.0 = Release|x64
		{92AC2307-578E-46D3-9290-9ABCF6A67547}.Release|x86.ActiveCfg = Release|Win32
		{92AC2307-578E-46D3-9290-9ABCF6A67547}.Release|x86.Build.0 = Release|Win32
		{D48EA985-65C3-435E-95D6-058CF8FFE394}.Debug|x64.ActiveCfg = Debug|x64
		{D48EA985-65C3-435E-95D6-058CF8FFE394}.Debug|x64.Build.0 = Debug|x64
		{D48EA985-65C3-435E-95D6-058CF8FFE394}.Debug|x86.ActiveCfg = Debug|Win32
		{D48EA985-65C3-435E-95D6-058CF8FFE394}.Debug|x86.Build.0 = Debug|Win32
		{D48EA985-65C3-435E-95D6-058CF8FFE394}.Release|x64.ActiveCfg = Release|x64
		{D48EA985-65C3-435E-95D6-058CF8FFE394}.Release|x64.Build.0 = Release|x64
		{D48EA985-65C3-435E-95D6-058CF8FFE394}.Release|x86.ActiveCfg = Release|Win32
		{D48EA985-65C3-435E-95D6-058CF8FFE394}.Release|x86.Build.0 = Release|Win32
		{6E420466-C5F6-4880-9496-1A46BB07150B}.Debug|x64.ActiveCfg = Debug|x64
		{6E420466-C5F6-4880-9496-1A46BB07150B}.Debug|x64.Build.0 = Debug|x64
		{6E420466-C5F6-4880-9496-1A46BB07150B}.Debug|x86.ActiveCfg = Debug|Win32
		{6E420466-C5F6-4880-9496-1A46BB07150B}.Debug|x86.Build.0 = Debug|Win32
		{6E420466-C5F6-4880-9496-1A46BB07150B}.Release|x64.ActiveCfg = Release|x64
		{6E420466-C5F6-4880-9496-1A46BB07150B}.Release|x64.Build.0 = Release|x64
		{6E420466-C5F6-4880-9496-1A46BB07150B}.Release|x86.ActiveCfg = Release|Win32
		{6E420466-C5F6-4880-9496-1A46BB07150B}.Release|x86.Build.0 = Release|Win32
		{9750D2C6-0DA3-4B3E-8490-F6AC2EA132B0}.Debug|x64.ActiveCfg = Debug|x64
		{9750D2C6-0DA3-4B3E-8490-F6AC2EA132B0}.Debug|x64.Build.0 = Debug|x64
		{9750D2C6-0DA3-4B3E-8490-F6AC2EA132B0}.Debug|x86.ActiveCfg = Debug|Win32
		{9750D2C6-0DA3-4B3E-8490-F6AC2EA132B0}.Debug|x86.Build.0 = Debug|Win32
		{9750D2C6-0DA3-4B3E-8490-F6AC2EA132B0}.Release|x64.ActiveCfg = Release|x64
		{9750D2C6-0DA3-4B3E-8490-F6AC2EA132B0}.Release|x64.Build.0 = Release|x64
		{9750D2C6-0DA3-4B3E-8490-F6AC2EA132B0}.Release|x86.ActiveCfg = Release|Win32
		{9750D2C6-0DA3-4B3E-8490-F6AC2EA132B0}.Release|x86.Build.0 = Release|Win32
		{A9982EBD-2F85-4B7C-8E78-1C5A8C1FEF2A}.Debug|x64.ActiveCfg = Debug|x64
		{A9982EBD-2F85-4B7C-8E78-1C5A8C1FEF2A}.Debug|x64.Build.0 = Debug|x64
		{A9982EBD-2F85-4B7C-8E78-1C5A8C1FEF2A}.Debug|x86.ActiveCfg = Debug|Win32
		{A9982EBD-2F85-4B7C-8E78-1C5A8C1FEF2A}.Debug|x86.Build.0 = Debug|Win32
		{A9982EBD-2F85-4B7C-8E78-1C5A8C1FEF2A}.Release|x64.ActiveCfg = Release|x64
		{A9982EBD-2F85-4B7C-8E78-1C5A8C1FEF2A}.Release|x64.Build.0 = Release|x64
		{A9982EBD-2F85-4B7C-8E78-1C5A8C1FEF2A}.Release|x86.ActiveCfg = Release|Win32
		{A9982EBD-2F85-4B7C-8E78-1C5A8C1FEF2A}.Release|x86.Build.0 = Release|Win32
		{8AD7A5B6-0A74-42E9-93D3-EC827A582265}.Debug|x64.ActiveCfg = Debug|x64
		{8AD7A5B6-0A74-42E9-93D3-EC827A582265}.Debug|x64.Build.0 = Debug|x64
		{8AD7A5B6-0A74-42E9-93D3-EC827A582265}.Debug|x86.ActiveCfg = Debug|Win32
		{8AD7A5B6-0A74-42E9-93D3-EC827A582265}.Debug|x86.Build.0 = Debug|Win32
		{8AD7A5B6-0A74-42E9-93D3-EC827A582265}.Release|x64.ActiveCfg = Release|x64
		{8AD7A5B6-0A74-42E9-93D3-EC827A582265}.Release|x64.Build.0 = Release|x64
		{8AD7A5B6-0A74-42E9-93D3-EC827A582265}.Release|x86.ActiveCfg = Release|Win32
		{8AD7A5B6-0A74-42E9-93D3-EC827A582265}.Release|x86.Build.0 = Release|Win32
		{95ADECF5-35AF-4EBD-9EF1-110B25EED41B}.Debug|x64.ActiveCfg = Debug|x64
		{95ADECF5-35AF-4EBD-9EF1-110B25EED41B}.Debug|x64.Build.0 = Debug|x64
		{95ADECF5-35AF-4EBD-9EF1-110B25EED41B}.Debug|x86.ActiveCfg = Debug|Win32
		{95ADECF5-35AF-4EBD-9EF1-110B25EED41B}.Debug|x86.Build.0 = Debug|Win32
		{95ADECF5-35AF-4EBD-9EF1-110B25EED41B}.Release|x64.ActiveCfg = Release|x64
		{95ADECF5-35AF-4EBD-9EF1-110B25EED41B}.Release|x64.Build.0 = Release|x64
		{95ADECF5-35AF-4EBD-9EF1-110B25EED41B}.Release|x86.ActiveCfg = Release|Win32
		{95ADECF5-35AF-4EBD-9EF1-110B25EED41B}.Release|x86.Build.0 = Release|Win32
		{96A344D9-755F-4689-92E9-85EF5E586ECA}.Debug|x64.ActiveCfg = Debug|x64
		{96A344D9-755F-4689-92E9-85EF5E586ECA}.Debug|x64.Build.0 = Debug|x64
		{96A344D9-755F-4689-92E9-85EF5E586ECA}.Debug|x86.ActiveCfg = Debug|Win32
		{96A344D9-755F-4689-92E9-85EF5E586ECA}.Debug|x86.Build.0 = Debug|Win32
		{96A344D9-755F-4689-92E9-85EF5E586ECA}.Release|x64.ActiveCfg = Release|x64
		{96A344D9-755F-4689-92E9-85EF5E586ECA}.Release|x64.Build.0 = Release|x64
		{96A344D9-755F-4689-92E9-85EF5E586ECA}.Release|x86.ActiveCfg = Release|Win32
		{96A344D9-755F-4689-92E9-85EF5E586ECA}.Release|x86.Build.0 = Release|Win32
		{56D1DAF8-4AB5-4E99-8F75-59BCD8386E49}.Debug|x64.ActiveCfg = Debug|x64
		{56D1DAF8-4AB5-4E99-8F75-59BCD8386E49}.Debug|x64.Build.0 = Debug|x64
		{56D1DAF8-4AB5-4E99-8F75-59BCD8386E49}.Debug|x86.ActiveCfg = Debug|Win32
		{56D1DAF8-4AB5-4E99-8F75-59BCD8386E49}.Debug|x86.Build.0 = Debug|Win32
		{56D1DAF8-4AB5-4E99-8F75-59BCD8386E49}.Release|x64.ActiveCfg = Release|x64
		{56D1DAF8-4AB5-4E99-8F75-59BCD8386E49}.Release|x64.Build.0 = Release|x64
		{56D1DAF8-4AB5-4E99-8F75-59BCD8386E49}.Release|x86.ActiveCfg = Release|Win32
		{56D1DAF8-4AB5-4E99-8F75-59BCD8386E49}.Release|x86.Build.0 = Release|Win32
		{C40BE7F8-FDB7-423C-84FA-D4D65A7AA351}.Debug|x64.ActiveCfg = Debug|x64
		{C40BE7F8-FDB7-423C-84FA-D4D65A7AA351}.Debug|x64.Build.0 = Debug|x64
		{C40BE7F8-FDB7-423C-84FA-D4D65A7AA351}.Debug|x86.ActiveCfg = Debug|Win32
		{C40BE7F8-FDB7-423C-84FA-D4D65A7AA351}.Debug|x86.Build.0 = Debug|Win32
		{C40BE7F8-FDB7-423C-84FA-D4D65A7AA351}.Release|x64.ActiveCfg = Release|x64
		{C40BE7F8-FDB7-423C-84FA-D4D65A7AA351}.Release|x64.Build.0 = Release|x64
		{C40BE7F8-FDB7-423C-84FA-D4D65A7AA351}.Release|x86.ActiveCfg = Release|Win32
		{C40BE7F8-FDB7-423C-84FA-D4D65A7AA351}.Release|x86.Build.0 = Release|Win32
		{A5649C77-81B0-4383-B097-D21219E4863C}.Debug|x64.ActiveCfg = Debug|x64
		{A5649C77-81B0-4383-B097-D21219E4863C}.Debug|x64.Build.0 = Debug|x64
		{A5649C77-81B0-4383-B097-D21219E4863C}.Debug|x86.ActiveCfg = Debug|Win32
		{A5649C77-81B0-4383-B097-D21219E4863C}.Debug|x86.Build.0 = Debug|Win32
		{A5649C77-81B0-4383-B097-D21219E4863C}.Release|x64.ActiveCfg = Release|x64
		{A5649C77-81B0-4383-B097-D21219E4863C}.Release|x64.Build.0 = Release|x64
		{A5649C77-81B0-4383-B097-D21219E4863C}.Release|x86.ActiveCfg = Release|Win32
		{A5649C77-81B0-4383-B097-D21219E4863C}.Release|x86.Build.0 = Release|Win32
		{97327E2E-F6FC-44EA-99F6-E3F9E1C26AFE}.Debug|x64.ActiveCfg = Debug|x64
		{97327E2E-F6FC-44EA-99F6-E3F9E1C26AFE}.Debug|x64.Build.0 = Debug|x64
		{97327E2E-F6FC-44EA-99F6-E3F9E1C26AFE}.Debug|x86.ActiveCfg = Debug|Win32
		{97327E2E-F6FC-44EA-99F6-E3F9E1C26AFE}.Debug|x86.Build.0 = Debug|Win32
		{97327E2E-F6FC-44EA-99F6-E3F9E1C26AFE}.Release|x64.ActiveCfg = Release|x64
		{97327E2E-F6FC-44EA-99F6-E3F9E1C26AFE}.Release|x64.Build.0 = Release|x64
		{97327E2E-F6FC-44EA-99F6-E3F9E1C26AFE}.Release|x86.ActiveCfg = Release|Win32
		{97327E2E-F6FC-44EA-99F6-E3F9E1C26AFE}.Release|x86.Build.0 = Release|Win32
		{4A3C54D1-DC23-4E58-A4F8-C771626FCF15}.Debug|x64.ActiveCfg = Debug|x64
		{4A3C54D1-DC23-4E58-A4F8-C771626FCF15}.Debug|x64.Build.0 = Debug|x64
		{4A3C54D1-DC23-4E58-A4F8-C771626FCF15}.Debug|x86.ActiveCfg = Debug|Win32
		{4A3C54D1-DC23-4E58-A4F8-C771626FCF15}.Debug|x86.Build.0 = Debug|Win32
		{4A3C54D1-DC23-4E58-A4F8-C771626FCF15}.Release|x64.ActiveCfg = Release|x64
		{4A3C54D1-DC23-4E58-A4F8-C771626FCF15}.Release|x64.Build.0 = Release|x64
		{4A3C54D1-DC23-4E58-A4F8-C771626FCF15}.Release|x86.ActiveCfg = Release|Win32
		{4A3C54D1-DC23-4E58-A4F8-C771626FCF15}.Release|x86.Build.0 = Release|Win32
		{10C2334F-F002-4346-BAEA-B83051E597A7}.Debug|x64.ActiveCfg = Debug|x64
		{10C2334F-F002-4346-BAEA-B83051E597A7}.Debug|x64.Build.0 = Debug|x64
		{10C2334F-F002-4346-BAEA-B83051E597A7}.Debug|x86.ActiveCfg = Debug|Win32
		{10C2334F-F002-4346-BAEA-B83051E597A7}.Debug|x86.Build.0 = Debug|Win32
		{10C2334F-F002-4346-BAEA-B83051E597A7}.Release|x64.ActiveCfg = Release|x64
		{10C2334F-F002-4346-BAEA-B83051E597A7}.Release|x64.Build.0 = Release|x64
		{10C2334F-F002-4346-BAEA-B83051E597A7}.Release|x86.ActiveCfg = Release|Win32
		{10C2334F-F002-4346-BAEA-B83051E597A7}.Release|x86.Build.0 = Release|Win32
		{9D98250D-831C-489D-B929-274844BC44B2}.Debug|x64.ActiveCfg = Debug|x64
		{9D98250D-831C-489D-B929-274844BC44B2}.Debug|x64.Build.0 = Debug|x64
		{9D98250D-831C-489D-B929-274844BC44B2}.Debug|x86.ActiveCfg = Debug|Win32
		{9D98250D-831C-489D-B929-274844BC44B2}.Debug|x86.Build.0 = Debug|Win32
		{9D98250D-831C-489D-B929-274844BC44B2}.Release|x64.ActiveCfg = Release|x64
		{9D98250D-831C-489D-B929-274844BC44B2}.Release|x64.Build.0 = Release|x64
		{9D98250D-831C-489D-B929-274844BC44B2}.Release|x86.ActiveCfg = Release|Win32
		{9D98250D-831C-489D-B929-274844BC44B2}.Release|x86.Build.0 = Release|Win32
		{B64F4C74-49A5-4237-A1E6-728985AEB9D0}.Debug|x64.ActiveCfg = Debug|x64
		{B64F4C74-49A5-4237-A1E6-728985AEB9D0}.Debug|x64.Build.0 = Debug|x64
		{B64F4C74-49A5-4237-A1E6-728985AEB9D0}.Debug|x86.ActiveCfg = Debug|Win32
		{B64F4C74-49A5-4237-A1E6-728985AEB9D0}.Debug|x86.Build.0 = Debug|Win32
		{B64F4C74-49A5-4237-A1E6-728985AEB9D0}.Release|x64.ActiveCfg = Release|x64
		{B64F4C74-49A5-4237-A1E6-728985AEB9D0}.Release|x64.Build.0 = Release|x64
		{B64F4C74-49A5-4237-A1E6-728985AEB9D0}.Release|x86.ActiveCfg = Release|Win32
		{B64F4C74-49A5-4237-A1E6-728985AEB9D0}.Release|x86.Build.0 = Release|Win32
		{72899084-3240-48A8-91DC-9E55DAE09B3C}.Debug|x64.ActiveCfg = Debug|x64
		{72899084-3240-48A8-91DC-9E55DAE09B3C}.Debug|x64.Build.0 = Debug|x64
		{72899084-3240-48A8-91DC-9E55DAE09B3C}.Debug|x86.ActiveCfg = Debug|Win32
		{72899084-3240-48A8-91DC-9E55DAE09B3C}.Debug|x86.Build.0 = Debug|Win32
		{72899084-3240-48A8-91DC-9E55DAE09B3C}.Release|x64.ActiveCfg = Release|x64
		{72899084-3240-48A8-91DC-9E55DAE09B3C}.Release|x64.Build.0 = Release|x64
		{72899084-3240-48A8-91DC-9E55DAE09B3C}.Release|x86.ActiveCfg = Release|Win32
		{72899084-3240-48A8-91DC-9E55DAE09B3C}.Release|x86.Build.0 = Release|Win32
		{C7958C53-E706-4E81-9A8D-8B9FE065E7B0}.Debug|x64.ActiveCfg = Debug|x64
		{C7958C53-E706-4E81-9A8D-8B9FE065E7B0}.Debug|x64.Build.0 = Debug|x64
		{C7958C53-E706-4E81-9A8D-8B9FE065E7B0}.Debug|x86.ActiveCfg = Debug|Win32
		{C7958C53-E706-4E81-9A8D-8B9FE065E7B0}.Debug|x86.Build.0 = Debug|Win32
		{C7958C53-E706-4E81-9A8D-8B9FE065E7B0}.Release|x64.ActiveCfg = Release|x64
		{C7958C53-E706-4E81-9A8D-8B9FE065E7B0}.Release|x64.Build.0 = Release|x64
		{C7958C53-E706-4E81-9A8D-8B9FE065E7B0}.Release|x86.ActiveCfg = Release|Win32
		{C7958C53-E706-4E81-9A8D-8B9FE065E7B0}.Release|x86.Build.0 = Release|Win32
		{2133207E-1284-41E4-AA42-7A2ADB20C252}.Debug|x64.ActiveCfg = Debug|x64
		{2133207E-1284-41E4-AA42-7A2ADB20C252}.Debug|x64.Build.0 = Debug|x64
		{2133207E-1284-41E4-AA42-7A2ADB20C252}.Debug|x86.ActiveCfg = Debug|Win32
		{2133207E-1284-41E4-AA42-7A2ADB20C252}.Debug|x86.Build.0 = Debug|Win32
		{2133207E-1284-41E4-AA42-7A2ADB20C252}.Release|x64.ActiveCfg = Release|x64
		{2133207E-1284-41E4-AA42-7A2ADB20C252}.Release|x64.Build.0 = Release|x64
		{2133207E-1284-41E4-AA42-7A2ADB20C252}.Release|x86.ActiveCfg = Release|Win32
		{2133207E-1284-41E4-AA42-7A2ADB20C252}.Release|x86.Build.0 = Release|Win32
		{4A9FB7D3-534F-40D5-8F84-CD93FE27A178}.Debug|x64.ActiveCfg = Debug|x64
		{4A9FB7D3-534F-40D5-8F84-CD93FE27A178}.Debug|x64.Build.0 = Debug|x64
		{4A9FB7D3-534F-40D5-8F84-CD93FE27A178}.Debug|x86.ActiveCfg = Debug|Win32
		{4A9FB7D3-534F-40D5-8F84-CD93FE27A178}.Debug|x86.Build.0 = Debug|Win32
		{4A9FB7D3-534F-40D5-8F84-CD93FE27A178}.Release|x64.ActiveCfg = Release|x64
		{4A9FB7D3-534F-40D5-8F84-CD93FE27A178}.Release|x64.Build.0 = Release|x64
		{4A9FB7D3-534F-40D5-8F84-CD93FE27A178}.Release|x86.ActiveCfg = Release|Win32
		{4A9FB7D3-534F-40D5-8F84-CD93FE27A178}.Release|x86.Build.0 = Release|Win32
	EndGlobalSection
	GlobalSection(SolutionProperties) = preSolution
		HideSolutionNode = FALSE
	EndGlobalSection
	GlobalSection(ExtensibilityGlobals) = postSolution
		SolutionGuid = {704E8E60-4EBD-4680-9650-6AC86BFB6C6E}
	EndGlobalSection
EndGlobal
