
Microsoft Visual Studio Solution File, Format Version 12.00
# Visual Studio Version 17
VisualStudioVersion = 17.1.32421.90
MinimumVisualStudioVersion = 10.0.40219.1
Project("{8BC9CEB8-8B4A-11D0-8D11-00A0C91BC942}") = "에라토스테네스의 체(소수 구분)", "에라토스테네스의 체(소수 구분)\에라토스테네스의 체(소수 구분).vcxproj", "{5B262690-0E76-4E09-B9D5-6B23191EA825}"
EndProject
Project("{8BC9CEB8-8B4A-11D0-8D11-00A0C91BC942}") = "포인터와 참조", "포인터와 참조\포인터와 참조.vcxproj", "{67F72CE4-B507-45D8-B0F5-CAECF20C1816}"
EndProject
Project("{8BC9CEB8-8B4A-11D0-8D11-00A0C91BC942}") = "구조체와 클래스", "구조체와 클래스\구조체와 클래스.vcxproj", "{CBF9E161-FC1A-4259-9C86-6E4184BDEA2D}"
EndProject
Project("{8BC9CEB8-8B4A-11D0-8D11-00A0C91BC942}") = "객체,인스턴스,클래스", "객체,인스턴스,클래스\객체,인스턴스,클래스.vcxproj", "{E307F62A-F8BF-4FAB-AEF6-24BAC4F0E8C1}"
EndProject
Project("{8BC9CEB8-8B4A-11D0-8D11-00A0C91BC942}") = "public,private,protected", "public,private,protected\public,private,protected.vcxproj", "{7C6E8D20-670A-44FE-9B7C-BB6FA61383E6}"
EndProject
Project("{8BC9CEB8-8B4A-11D0-8D11-00A0C91BC942}") = "생성자", "생성자\생성자.vcxproj", "{420C357F-7C25-436B-A87B-B921249F0010}"
EndProject
Project("{8BC9CEB8-8B4A-11D0-8D11-00A0C91BC942}") = "상속관계 생성자호출", "상속관계 생성자호출\상속관계 생성자호출.vcxproj", "{08A85463-E9F2-4CC7-B45C-7C374C7A607A}"
EndProject
Project("{8BC9CEB8-8B4A-11D0-8D11-00A0C91BC942}") = "this포인터", "this포인터\this포인터.vcxproj", "{0C5B2BA4-0FB4-4A2C-9748-0B973432555B}"
EndProject
Project("{8BC9CEB8-8B4A-11D0-8D11-00A0C91BC942}") = "소멸자", "소멸자\소멸자.vcxproj", "{D1B55138-BD68-4E4B-8F88-CF038B55E394}"
EndProject
Project("{8BC9CEB8-8B4A-11D0-8D11-00A0C91BC942}") = "복사생성자", "복사생성자\복사생성자.vcxproj", "{EF645BE4-141D-49AB-B562-AB869747930D}"
EndProject
Global
	GlobalSection(SolutionConfigurationPlatforms) = preSolution
		Debug|x64 = Debug|x64
		Debug|x86 = Debug|x86
		Release|x64 = Release|x64
		Release|x86 = Release|x86
	EndGlobalSection
	GlobalSection(ProjectConfigurationPlatforms) = postSolution
		{5B262690-0E76-4E09-B9D5-6B23191EA825}.Debug|x64.ActiveCfg = Debug|x64
		{5B262690-0E76-4E09-B9D5-6B23191EA825}.Debug|x64.Build.0 = Debug|x64
		{5B262690-0E76-4E09-B9D5-6B23191EA825}.Debug|x86.ActiveCfg = Debug|Win32
		{5B262690-0E76-4E09-B9D5-6B23191EA825}.Debug|x86.Build.0 = Debug|Win32
		{5B262690-0E76-4E09-B9D5-6B23191EA825}.Release|x64.ActiveCfg = Release|x64
		{5B262690-0E76-4E09-B9D5-6B23191EA825}.Release|x64.Build.0 = Release|x64
		{5B262690-0E76-4E09-B9D5-6B23191EA825}.Release|x86.ActiveCfg = Release|Win32
		{5B262690-0E76-4E09-B9D5-6B23191EA825}.Release|x86.Build.0 = Release|Win32
		{67F72CE4-B507-45D8-B0F5-CAECF20C1816}.Debug|x64.ActiveCfg = Debug|x64
		{67F72CE4-B507-45D8-B0F5-CAECF20C1816}.Debug|x64.Build.0 = Debug|x64
		{67F72CE4-B507-45D8-B0F5-CAECF20C1816}.Debug|x86.ActiveCfg = Debug|Win32
		{67F72CE4-B507-45D8-B0F5-CAECF20C1816}.Debug|x86.Build.0 = Debug|Win32
		{67F72CE4-B507-45D8-B0F5-CAECF20C1816}.Release|x64.ActiveCfg = Release|x64
		{67F72CE4-B507-45D8-B0F5-CAECF20C1816}.Release|x64.Build.0 = Release|x64
		{67F72CE4-B507-45D8-B0F5-CAECF20C1816}.Release|x86.ActiveCfg = Release|Win32
		{67F72CE4-B507-45D8-B0F5-CAECF20C1816}.Release|x86.Build.0 = Release|Win32
		{CBF9E161-FC1A-4259-9C86-6E4184BDEA2D}.Debug|x64.ActiveCfg = Debug|x64
		{CBF9E161-FC1A-4259-9C86-6E4184BDEA2D}.Debug|x64.Build.0 = Debug|x64
		{CBF9E161-FC1A-4259-9C86-6E4184BDEA2D}.Debug|x86.ActiveCfg = Debug|Win32
		{CBF9E161-FC1A-4259-9C86-6E4184BDEA2D}.Debug|x86.Build.0 = Debug|Win32
		{CBF9E161-FC1A-4259-9C86-6E4184BDEA2D}.Release|x64.ActiveCfg = Release|x64
		{CBF9E161-FC1A-4259-9C86-6E4184BDEA2D}.Release|x64.Build.0 = Release|x64
		{CBF9E161-FC1A-4259-9C86-6E4184BDEA2D}.Release|x86.ActiveCfg = Release|Win32
		{CBF9E161-FC1A-4259-9C86-6E4184BDEA2D}.Release|x86.Build.0 = Release|Win32
		{E307F62A-F8BF-4FAB-AEF6-24BAC4F0E8C1}.Debug|x64.ActiveCfg = Debug|x64
		{E307F62A-F8BF-4FAB-AEF6-24BAC4F0E8C1}.Debug|x64.Build.0 = Debug|x64
		{E307F62A-F8BF-4FAB-AEF6-24BAC4F0E8C1}.Debug|x86.ActiveCfg = Debug|Win32
		{E307F62A-F8BF-4FAB-AEF6-24BAC4F0E8C1}.Debug|x86.Build.0 = Debug|Win32
		{E307F62A-F8BF-4FAB-AEF6-24BAC4F0E8C1}.Release|x64.ActiveCfg = Release|x64
		{E307F62A-F8BF-4FAB-AEF6-24BAC4F0E8C1}.Release|x64.Build.0 = Release|x64
		{E307F62A-F8BF-4FAB-AEF6-24BAC4F0E8C1}.Release|x86.ActiveCfg = Release|Win32
		{E307F62A-F8BF-4FAB-AEF6-24BAC4F0E8C1}.Release|x86.Build.0 = Release|Win32
		{7C6E8D20-670A-44FE-9B7C-BB6FA61383E6}.Debug|x64.ActiveCfg = Debug|x64
		{7C6E8D20-670A-44FE-9B7C-BB6FA61383E6}.Debug|x64.Build.0 = Debug|x64
		{7C6E8D20-670A-44FE-9B7C-BB6FA61383E6}.Debug|x86.ActiveCfg = Debug|Win32
		{7C6E8D20-670A-44FE-9B7C-BB6FA61383E6}.Debug|x86.Build.0 = Debug|Win32
		{7C6E8D20-670A-44FE-9B7C-BB6FA61383E6}.Release|x64.ActiveCfg = Release|x64
		{7C6E8D20-670A-44FE-9B7C-BB6FA61383E6}.Release|x64.Build.0 = Release|x64
		{7C6E8D20-670A-44FE-9B7C-BB6FA61383E6}.Release|x86.ActiveCfg = Release|Win32
		{7C6E8D20-670A-44FE-9B7C-BB6FA61383E6}.Release|x86.Build.0 = Release|Win32
		{420C357F-7C25-436B-A87B-B921249F0010}.Debug|x64.ActiveCfg = Debug|x64
		{420C357F-7C25-436B-A87B-B921249F0010}.Debug|x64.Build.0 = Debug|x64
		{420C357F-7C25-436B-A87B-B921249F0010}.Debug|x86.ActiveCfg = Debug|Win32
		{420C357F-7C25-436B-A87B-B921249F0010}.Debug|x86.Build.0 = Debug|Win32
		{420C357F-7C25-436B-A87B-B921249F0010}.Release|x64.ActiveCfg = Release|x64
		{420C357F-7C25-436B-A87B-B921249F0010}.Release|x64.Build.0 = Release|x64
		{420C357F-7C25-436B-A87B-B921249F0010}.Release|x86.ActiveCfg = Release|Win32
		{420C357F-7C25-436B-A87B-B921249F0010}.Release|x86.Build.0 = Release|Win32
		{08A85463-E9F2-4CC7-B45C-7C374C7A607A}.Debug|x64.ActiveCfg = Debug|x64
		{08A85463-E9F2-4CC7-B45C-7C374C7A607A}.Debug|x64.Build.0 = Debug|x64
		{08A85463-E9F2-4CC7-B45C-7C374C7A607A}.Debug|x86.ActiveCfg = Debug|Win32
		{08A85463-E9F2-4CC7-B45C-7C374C7A607A}.Debug|x86.Build.0 = Debug|Win32
		{08A85463-E9F2-4CC7-B45C-7C374C7A607A}.Release|x64.ActiveCfg = Release|x64
		{08A85463-E9F2-4CC7-B45C-7C374C7A607A}.Release|x64.Build.0 = Release|x64
		{08A85463-E9F2-4CC7-B45C-7C374C7A607A}.Release|x86.ActiveCfg = Release|Win32
		{08A85463-E9F2-4CC7-B45C-7C374C7A607A}.Release|x86.Build.0 = Release|Win32
		{0C5B2BA4-0FB4-4A2C-9748-0B973432555B}.Debug|x64.ActiveCfg = Debug|x64
		{0C5B2BA4-0FB4-4A2C-9748-0B973432555B}.Debug|x64.Build.0 = Debug|x64
		{0C5B2BA4-0FB4-4A2C-9748-0B973432555B}.Debug|x86.ActiveCfg = Debug|Win32
		{0C5B2BA4-0FB4-4A2C-9748-0B973432555B}.Debug|x86.Build.0 = Debug|Win32
		{0C5B2BA4-0FB4-4A2C-9748-0B973432555B}.Release|x64.ActiveCfg = Release|x64
		{0C5B2BA4-0FB4-4A2C-9748-0B973432555B}.Release|x64.Build.0 = Release|x64
		{0C5B2BA4-0FB4-4A2C-9748-0B973432555B}.Release|x86.ActiveCfg = Release|Win32
		{0C5B2BA4-0FB4-4A2C-9748-0B973432555B}.Release|x86.Build.0 = Release|Win32
		{D1B55138-BD68-4E4B-8F88-CF038B55E394}.Debug|x64.ActiveCfg = Debug|x64
		{D1B55138-BD68-4E4B-8F88-CF038B55E394}.Debug|x64.Build.0 = Debug|x64
		{D1B55138-BD68-4E4B-8F88-CF038B55E394}.Debug|x86.ActiveCfg = Debug|Win32
		{D1B55138-BD68-4E4B-8F88-CF038B55E394}.Debug|x86.Build.0 = Debug|Win32
		{D1B55138-BD68-4E4B-8F88-CF038B55E394}.Release|x64.ActiveCfg = Release|x64
		{D1B55138-BD68-4E4B-8F88-CF038B55E394}.Release|x64.Build.0 = Release|x64
		{D1B55138-BD68-4E4B-8F88-CF038B55E394}.Release|x86.ActiveCfg = Release|Win32
		{D1B55138-BD68-4E4B-8F88-CF038B55E394}.Release|x86.Build.0 = Release|Win32
		{EF645BE4-141D-49AB-B562-AB869747930D}.Debug|x64.ActiveCfg = Debug|x64
		{EF645BE4-141D-49AB-B562-AB869747930D}.Debug|x64.Build.0 = Debug|x64
		{EF645BE4-141D-49AB-B562-AB869747930D}.Debug|x86.ActiveCfg = Debug|Win32
		{EF645BE4-141D-49AB-B562-AB869747930D}.Debug|x86.Build.0 = Debug|Win32
		{EF645BE4-141D-49AB-B562-AB869747930D}.Release|x64.ActiveCfg = Release|x64
		{EF645BE4-141D-49AB-B562-AB869747930D}.Release|x64.Build.0 = Release|x64
		{EF645BE4-141D-49AB-B562-AB869747930D}.Release|x86.ActiveCfg = Release|Win32
		{EF645BE4-141D-49AB-B562-AB869747930D}.Release|x86.Build.0 = Release|Win32
	EndGlobalSection
	GlobalSection(SolutionProperties) = preSolution
		HideSolutionNode = FALSE
	EndGlobalSection
	GlobalSection(ExtensibilityGlobals) = postSolution
		SolutionGuid = {704E8E60-4EBD-4680-9650-6AC86BFB6C6E}
	EndGlobalSection
EndGlobal
