
Microsoft Visual Studio Solution File, Format Version 12.00
# Visual Studio Version 17
VisualStudioVersion = 17.1.32421.90
MinimumVisualStudioVersion = 10.0.40219.1
Project("{8BC9CEB8-8B4A-11D0-8D11-00A0C91BC942}") = "1929 소수구하기", "1929 소수구하기\1929 소수구하기.vcxproj", "{9285827E-6F57-4900-89B2-E4596738CAC3}"
EndProject
Project("{8BC9CEB8-8B4A-11D0-8D11-00A0C91BC942}") = "25191 치킨댄스를 추는 곰곰이를 본 임스", "25191 치킨댄스를 추는 곰곰이를 본 임스\25191 치킨댄스를 추는 곰곰이를 본 임스.vcxproj", "{28820F0A-EC02-4998-BA57-8F7FC569CD47}"
EndProject
Project("{8BC9CEB8-8B4A-11D0-8D11-00A0C91BC942}") = "25175 두부두부두부", "25175 두부두부두부\25175 두부두부두부.vcxproj", "{341942CE-6BF8-482E-8A59-1C641CADEF23}"
EndProject
Project("{8BC9CEB8-8B4A-11D0-8D11-00A0C91BC942}") = "2775 부녀회장이 될테야", "2775 부녀회장이 될테야\2775 부녀회장이 될테야.vcxproj", "{7E95756C-4D8B-47E5-AF99-9E30C713A4CA}"
EndProject
Project("{8BC9CEB8-8B4A-11D0-8D11-00A0C91BC942}") = "2869 달팽이는 올라가고싶다", "2869 달팽이는 올라가고싶다\2869 달팽이는 올라가고싶다.vcxproj", "{B973CDEB-C7BD-4940-8229-2A1831AD3870}"
EndProject
Project("{8BC9CEB8-8B4A-11D0-8D11-00A0C91BC942}") = "2750 수정렬하기", "2750 수정렬하기\2750 수정렬하기.vcxproj", "{354C7B3C-8847-43A6-91C2-7D6A8FB05E8A}"
EndProject
Project("{8BC9CEB8-8B4A-11D0-8D11-00A0C91BC942}") = "2751 수정렬하기2", "2751 수정렬하기2\2751 수정렬하기2.vcxproj", "{EC869898-7990-4D3B-8E3E-F55007E2D351}"
EndProject
Project("{8BC9CEB8-8B4A-11D0-8D11-00A0C91BC942}") = "10989 수정렬하기3", "10989 수정렬하기3\10989 수정렬하기3.vcxproj", "{20CB66B1-2458-4917-819F-1CC4A54F717F}"
EndProject
Project("{8BC9CEB8-8B4A-11D0-8D11-00A0C91BC942}") = "2108 통계학", "2108 통계학\2108 통계학.vcxproj", "{E1D1343D-D253-4EF2-9044-D3533C957C33}"
EndProject
Project("{8BC9CEB8-8B4A-11D0-8D11-00A0C91BC942}") = "1427 소트인사이드", "1427 소트인사이드\1427 소트인사이드.vcxproj", "{747EF42D-9FC0-4607-8440-8CA4E1075AF4}"
EndProject
Project("{8BC9CEB8-8B4A-11D0-8D11-00A0C91BC942}") = "11650 좌표정렬하기", "11650 좌표정렬하기\11650 좌표정렬하기.vcxproj", "{B345CBB9-6FDE-475F-B410-1B7C26C52890}"
EndProject
Project("{8BC9CEB8-8B4A-11D0-8D11-00A0C91BC942}") = "11651 좌표정렬하기2", "11651 좌표정렬하기2\11651 좌표정렬하기2.vcxproj", "{FEF6252C-DB5A-4C43-9A89-6EFA06710003}"
EndProject
Project("{8BC9CEB8-8B4A-11D0-8D11-00A0C91BC942}") = "1181 단어정렬", "1181 단어정렬\1181 단어정렬.vcxproj", "{E4B0A874-E399-4D6A-BEFD-E3F3EF6453E8}"
EndProject
Project("{8BC9CEB8-8B4A-11D0-8D11-00A0C91BC942}") = "1009 분산처리", "1009 분산처리\1009 분산처리.vcxproj", "{150AB712-01E5-47FA-A66C-91228A225721}"
EndProject
Project("{8BC9CEB8-8B4A-11D0-8D11-00A0C91BC942}") = "13458 시험감독", "13458 시험감독\13458 시험감독.vcxproj", "{F33FD62B-9CAF-4348-B39F-93243663F3F1}"
EndProject
Project("{8BC9CEB8-8B4A-11D0-8D11-00A0C91BC942}") = "1085 직사각형에서탈출", "1085 직사각형에서탈출\1085 직사각형에서탈출.vcxproj", "{2840EF12-D75D-46A5-A49A-FCF306D5B952}"
EndProject
Project("{8BC9CEB8-8B4A-11D0-8D11-00A0C91BC942}") = "4344 평균은넘겠지", "4344 평균은넘겠지\4344 평균은넘겠지.vcxproj", "{03A27B8B-2343-4E9F-8D78-146E0967616D}"
EndProject
Project("{8BC9CEB8-8B4A-11D0-8D11-00A0C91BC942}") = "10809 알파벳찾기", "10809 알파벳찾기\10809 알파벳찾기.vcxproj", "{8CA63B79-0F98-4458-9732-0804732B8CC0}"
EndProject
Project("{8BC9CEB8-8B4A-11D0-8D11-00A0C91BC942}") = "1152 단어의 개수", "1152 단어의 개수\1152 단어의 개수.vcxproj", "{07B216BF-4AEA-4A4F-A0F1-DC58F58AD98F}"
EndProject
Project("{8BC9CEB8-8B4A-11D0-8D11-00A0C91BC942}") = "1316 그룹단어체커", "1316 그룹단어체커\1316 그룹단어체커.vcxproj", "{DE41259C-B958-4456-B4F3-F607C60B92A0}"
EndProject
Project("{8BC9CEB8-8B4A-11D0-8D11-00A0C91BC942}") = "1712 손익분기점", "1712 손익분기점\1712 손익분기점.vcxproj", "{296DC027-CFEA-41C9-9E09-6A0E34C7B476}"
EndProject
Project("{8BC9CEB8-8B4A-11D0-8D11-00A0C91BC942}") = "2839 설탕배달", "2839 설탕배달\2839 설탕배달.vcxproj", "{29E64ADD-51D7-46E9-BA0F-4545C7E4DB1E}"
EndProject
Project("{8BC9CEB8-8B4A-11D0-8D11-00A0C91BC942}") = "2292 벌집", "2292 벌집\2292 벌집.vcxproj", "{E353128D-C7BC-413E-8879-0FCA4C6BB617}"
EndProject
Project("{8BC9CEB8-8B4A-11D0-8D11-00A0C91BC942}") = "1193 분수찾기", "1193 분수찾기\1193 분수찾기.vcxproj", "{4E766DEB-4540-4A83-9DFC-03F387F32914}"
EndProject
Project("{8BC9CEB8-8B4A-11D0-8D11-00A0C91BC942}") = "10250 ACM호텔", "10250 ACM호텔\10250 ACM호텔.vcxproj", "{A4DF5C2E-3087-4697-94D6-BB705C7A1477}"
EndProject
Project("{8BC9CEB8-8B4A-11D0-8D11-00A0C91BC942}") = "1011 Fly me to the Alpha Centauri", "1011 Fly me to the Alpha Centauri\1011 Fly me to the Alpha Centauri.vcxproj", "{50172665-69A3-4F4D-9A6A-7C5F9AB2459B}"
EndProject
Project("{8BC9CEB8-8B4A-11D0-8D11-00A0C91BC942}") = "1928 소수찾기", "1928 소수찾기\1928 소수찾기.vcxproj", "{273BBC12-B632-4C9F-B06F-110061F333D4}"
EndProject
Project("{8BC9CEB8-8B4A-11D0-8D11-00A0C91BC942}") = "2581 소수", "2581 소수\2581 소수.vcxproj", "{3E16159D-AB60-490E-A62D-1AEBDE077CE2}"
EndProject
Global
	GlobalSection(SolutionConfigurationPlatforms) = preSolution
		Debug|x64 = Debug|x64
		Debug|x86 = Debug|x86
		Release|x64 = Release|x64
		Release|x86 = Release|x86
	EndGlobalSection
	GlobalSection(ProjectConfigurationPlatforms) = postSolution
		{9285827E-6F57-4900-89B2-E4596738CAC3}.Debug|x64.ActiveCfg = Debug|x64
		{9285827E-6F57-4900-89B2-E4596738CAC3}.Debug|x64.Build.0 = Debug|x64
		{9285827E-6F57-4900-89B2-E4596738CAC3}.Debug|x86.ActiveCfg = Debug|Win32
		{9285827E-6F57-4900-89B2-E4596738CAC3}.Debug|x86.Build.0 = Debug|Win32
		{9285827E-6F57-4900-89B2-E4596738CAC3}.Release|x64.ActiveCfg = Release|x64
		{9285827E-6F57-4900-89B2-E4596738CAC3}.Release|x64.Build.0 = Release|x64
		{9285827E-6F57-4900-89B2-E4596738CAC3}.Release|x86.ActiveCfg = Release|Win32
		{9285827E-6F57-4900-89B2-E4596738CAC3}.Release|x86.Build.0 = Release|Win32
		{28820F0A-EC02-4998-BA57-8F7FC569CD47}.Debug|x64.ActiveCfg = Debug|x64
		{28820F0A-EC02-4998-BA57-8F7FC569CD47}.Debug|x64.Build.0 = Debug|x64
		{28820F0A-EC02-4998-BA57-8F7FC569CD47}.Debug|x86.ActiveCfg = Debug|Win32
		{28820F0A-EC02-4998-BA57-8F7FC569CD47}.Debug|x86.Build.0 = Debug|Win32
		{28820F0A-EC02-4998-BA57-8F7FC569CD47}.Release|x64.ActiveCfg = Release|x64
		{28820F0A-EC02-4998-BA57-8F7FC569CD47}.Release|x64.Build.0 = Release|x64
		{28820F0A-EC02-4998-BA57-8F7FC569CD47}.Release|x86.ActiveCfg = Release|Win32
		{28820F0A-EC02-4998-BA57-8F7FC569CD47}.Release|x86.Build.0 = Release|Win32
		{341942CE-6BF8-482E-8A59-1C641CADEF23}.Debug|x64.ActiveCfg = Debug|x64
		{341942CE-6BF8-482E-8A59-1C641CADEF23}.Debug|x64.Build.0 = Debug|x64
		{341942CE-6BF8-482E-8A59-1C641CADEF23}.Debug|x86.ActiveCfg = Debug|Win32
		{341942CE-6BF8-482E-8A59-1C641CADEF23}.Debug|x86.Build.0 = Debug|Win32
		{341942CE-6BF8-482E-8A59-1C641CADEF23}.Release|x64.ActiveCfg = Release|x64
		{341942CE-6BF8-482E-8A59-1C641CADEF23}.Release|x64.Build.0 = Release|x64
		{341942CE-6BF8-482E-8A59-1C641CADEF23}.Release|x86.ActiveCfg = Release|Win32
		{341942CE-6BF8-482E-8A59-1C641CADEF23}.Release|x86.Build.0 = Release|Win32
		{7E95756C-4D8B-47E5-AF99-9E30C713A4CA}.Debug|x64.ActiveCfg = Debug|x64
		{7E95756C-4D8B-47E5-AF99-9E30C713A4CA}.Debug|x64.Build.0 = Debug|x64
		{7E95756C-4D8B-47E5-AF99-9E30C713A4CA}.Debug|x86.ActiveCfg = Debug|Win32
		{7E95756C-4D8B-47E5-AF99-9E30C713A4CA}.Debug|x86.Build.0 = Debug|Win32
		{7E95756C-4D8B-47E5-AF99-9E30C713A4CA}.Release|x64.ActiveCfg = Release|x64
		{7E95756C-4D8B-47E5-AF99-9E30C713A4CA}.Release|x64.Build.0 = Release|x64
		{7E95756C-4D8B-47E5-AF99-9E30C713A4CA}.Release|x86.ActiveCfg = Release|Win32
		{7E95756C-4D8B-47E5-AF99-9E30C713A4CA}.Release|x86.Build.0 = Release|Win32
		{B973CDEB-C7BD-4940-8229-2A1831AD3870}.Debug|x64.ActiveCfg = Debug|x64
		{B973CDEB-C7BD-4940-8229-2A1831AD3870}.Debug|x64.Build.0 = Debug|x64
		{B973CDEB-C7BD-4940-8229-2A1831AD3870}.Debug|x86.ActiveCfg = Debug|Win32
		{B973CDEB-C7BD-4940-8229-2A1831AD3870}.Debug|x86.Build.0 = Debug|Win32
		{B973CDEB-C7BD-4940-8229-2A1831AD3870}.Release|x64.ActiveCfg = Release|x64
		{B973CDEB-C7BD-4940-8229-2A1831AD3870}.Release|x64.Build.0 = Release|x64
		{B973CDEB-C7BD-4940-8229-2A1831AD3870}.Release|x86.ActiveCfg = Release|Win32
		{B973CDEB-C7BD-4940-8229-2A1831AD3870}.Release|x86.Build.0 = Release|Win32
		{354C7B3C-8847-43A6-91C2-7D6A8FB05E8A}.Debug|x64.ActiveCfg = Debug|x64
		{354C7B3C-8847-43A6-91C2-7D6A8FB05E8A}.Debug|x64.Build.0 = Debug|x64
		{354C7B3C-8847-43A6-91C2-7D6A8FB05E8A}.Debug|x86.ActiveCfg = Debug|Win32
		{354C7B3C-8847-43A6-91C2-7D6A8FB05E8A}.Debug|x86.Build.0 = Debug|Win32
		{354C7B3C-8847-43A6-91C2-7D6A8FB05E8A}.Release|x64.ActiveCfg = Release|x64
		{354C7B3C-8847-43A6-91C2-7D6A8FB05E8A}.Release|x64.Build.0 = Release|x64
		{354C7B3C-8847-43A6-91C2-7D6A8FB05E8A}.Release|x86.ActiveCfg = Release|Win32
		{354C7B3C-8847-43A6-91C2-7D6A8FB05E8A}.Release|x86.Build.0 = Release|Win32
		{EC869898-7990-4D3B-8E3E-F55007E2D351}.Debug|x64.ActiveCfg = Debug|x64
		{EC869898-7990-4D3B-8E3E-F55007E2D351}.Debug|x64.Build.0 = Debug|x64
		{EC869898-7990-4D3B-8E3E-F55007E2D351}.Debug|x86.ActiveCfg = Debug|Win32
		{EC869898-7990-4D3B-8E3E-F55007E2D351}.Debug|x86.Build.0 = Debug|Win32
		{EC869898-7990-4D3B-8E3E-F55007E2D351}.Release|x64.ActiveCfg = Release|x64
		{EC869898-7990-4D3B-8E3E-F55007E2D351}.Release|x64.Build.0 = Release|x64
		{EC869898-7990-4D3B-8E3E-F55007E2D351}.Release|x86.ActiveCfg = Release|Win32
		{EC869898-7990-4D3B-8E3E-F55007E2D351}.Release|x86.Build.0 = Release|Win32
		{20CB66B1-2458-4917-819F-1CC4A54F717F}.Debug|x64.ActiveCfg = Debug|x64
		{20CB66B1-2458-4917-819F-1CC4A54F717F}.Debug|x64.Build.0 = Debug|x64
		{20CB66B1-2458-4917-819F-1CC4A54F717F}.Debug|x86.ActiveCfg = Debug|Win32
		{20CB66B1-2458-4917-819F-1CC4A54F717F}.Debug|x86.Build.0 = Debug|Win32
		{20CB66B1-2458-4917-819F-1CC4A54F717F}.Release|x64.ActiveCfg = Release|x64
		{20CB66B1-2458-4917-819F-1CC4A54F717F}.Release|x64.Build.0 = Release|x64
		{20CB66B1-2458-4917-819F-1CC4A54F717F}.Release|x86.ActiveCfg = Release|Win32
		{20CB66B1-2458-4917-819F-1CC4A54F717F}.Release|x86.Build.0 = Release|Win32
		{E1D1343D-D253-4EF2-9044-D3533C957C33}.Debug|x64.ActiveCfg = Debug|x64
		{E1D1343D-D253-4EF2-9044-D3533C957C33}.Debug|x64.Build.0 = Debug|x64
		{E1D1343D-D253-4EF2-9044-D3533C957C33}.Debug|x86.ActiveCfg = Debug|Win32
		{E1D1343D-D253-4EF2-9044-D3533C957C33}.Debug|x86.Build.0 = Debug|Win32
		{E1D1343D-D253-4EF2-9044-D3533C957C33}.Release|x64.ActiveCfg = Release|x64
		{E1D1343D-D253-4EF2-9044-D3533C957C33}.Release|x64.Build.0 = Release|x64
		{E1D1343D-D253-4EF2-9044-D3533C957C33}.Release|x86.ActiveCfg = Release|Win32
		{E1D1343D-D253-4EF2-9044-D3533C957C33}.Release|x86.Build.0 = Release|Win32
		{747EF42D-9FC0-4607-8440-8CA4E1075AF4}.Debug|x64.ActiveCfg = Debug|x64
		{747EF42D-9FC0-4607-8440-8CA4E1075AF4}.Debug|x64.Build.0 = Debug|x64
		{747EF42D-9FC0-4607-8440-8CA4E1075AF4}.Debug|x86.ActiveCfg = Debug|Win32
		{747EF42D-9FC0-4607-8440-8CA4E1075AF4}.Debug|x86.Build.0 = Debug|Win32
		{747EF42D-9FC0-4607-8440-8CA4E1075AF4}.Release|x64.ActiveCfg = Release|x64
		{747EF42D-9FC0-4607-8440-8CA4E1075AF4}.Release|x64.Build.0 = Release|x64
		{747EF42D-9FC0-4607-8440-8CA4E1075AF4}.Release|x86.ActiveCfg = Release|Win32
		{747EF42D-9FC0-4607-8440-8CA4E1075AF4}.Release|x86.Build.0 = Release|Win32
		{B345CBB9-6FDE-475F-B410-1B7C26C52890}.Debug|x64.ActiveCfg = Debug|x64
		{B345CBB9-6FDE-475F-B410-1B7C26C52890}.Debug|x64.Build.0 = Debug|x64
		{B345CBB9-6FDE-475F-B410-1B7C26C52890}.Debug|x86.ActiveCfg = Debug|Win32
		{B345CBB9-6FDE-475F-B410-1B7C26C52890}.Debug|x86.Build.0 = Debug|Win32
		{B345CBB9-6FDE-475F-B410-1B7C26C52890}.Release|x64.ActiveCfg = Release|x64
		{B345CBB9-6FDE-475F-B410-1B7C26C52890}.Release|x64.Build.0 = Release|x64
		{B345CBB9-6FDE-475F-B410-1B7C26C52890}.Release|x86.ActiveCfg = Release|Win32
		{B345CBB9-6FDE-475F-B410-1B7C26C52890}.Release|x86.Build.0 = Release|Win32
		{FEF6252C-DB5A-4C43-9A89-6EFA06710003}.Debug|x64.ActiveCfg = Debug|x64
		{FEF6252C-DB5A-4C43-9A89-6EFA06710003}.Debug|x64.Build.0 = Debug|x64
		{FEF6252C-DB5A-4C43-9A89-6EFA06710003}.Debug|x86.ActiveCfg = Debug|Win32
		{FEF6252C-DB5A-4C43-9A89-6EFA06710003}.Debug|x86.Build.0 = Debug|Win32
		{FEF6252C-DB5A-4C43-9A89-6EFA06710003}.Release|x64.ActiveCfg = Release|x64
		{FEF6252C-DB5A-4C43-9A89-6EFA06710003}.Release|x64.Build.0 = Release|x64
		{FEF6252C-DB5A-4C43-9A89-6EFA06710003}.Release|x86.ActiveCfg = Release|Win32
		{FEF6252C-DB5A-4C43-9A89-6EFA06710003}.Release|x86.Build.0 = Release|Win32
		{E4B0A874-E399-4D6A-BEFD-E3F3EF6453E8}.Debug|x64.ActiveCfg = Debug|x64
		{E4B0A874-E399-4D6A-BEFD-E3F3EF6453E8}.Debug|x64.Build.0 = Debug|x64
		{E4B0A874-E399-4D6A-BEFD-E3F3EF6453E8}.Debug|x86.ActiveCfg = Debug|Win32
		{E4B0A874-E399-4D6A-BEFD-E3F3EF6453E8}.Debug|x86.Build.0 = Debug|Win32
		{E4B0A874-E399-4D6A-BEFD-E3F3EF6453E8}.Release|x64.ActiveCfg = Release|x64
		{E4B0A874-E399-4D6A-BEFD-E3F3EF6453E8}.Release|x64.Build.0 = Release|x64
		{E4B0A874-E399-4D6A-BEFD-E3F3EF6453E8}.Release|x86.ActiveCfg = Release|Win32
		{E4B0A874-E399-4D6A-BEFD-E3F3EF6453E8}.Release|x86.Build.0 = Release|Win32
		{150AB712-01E5-47FA-A66C-91228A225721}.Debug|x64.ActiveCfg = Debug|x64
		{150AB712-01E5-47FA-A66C-91228A225721}.Debug|x64.Build.0 = Debug|x64
		{150AB712-01E5-47FA-A66C-91228A225721}.Debug|x86.ActiveCfg = Debug|Win32
		{150AB712-01E5-47FA-A66C-91228A225721}.Debug|x86.Build.0 = Debug|Win32
		{150AB712-01E5-47FA-A66C-91228A225721}.Release|x64.ActiveCfg = Release|x64
		{150AB712-01E5-47FA-A66C-91228A225721}.Release|x64.Build.0 = Release|x64
		{150AB712-01E5-47FA-A66C-91228A225721}.Release|x86.ActiveCfg = Release|Win32
		{150AB712-01E5-47FA-A66C-91228A225721}.Release|x86.Build.0 = Release|Win32
		{F33FD62B-9CAF-4348-B39F-93243663F3F1}.Debug|x64.ActiveCfg = Debug|x64
		{F33FD62B-9CAF-4348-B39F-93243663F3F1}.Debug|x64.Build.0 = Debug|x64
		{F33FD62B-9CAF-4348-B39F-93243663F3F1}.Debug|x86.ActiveCfg = Debug|Win32
		{F33FD62B-9CAF-4348-B39F-93243663F3F1}.Debug|x86.Build.0 = Debug|Win32
		{F33FD62B-9CAF-4348-B39F-93243663F3F1}.Release|x64.ActiveCfg = Release|x64
		{F33FD62B-9CAF-4348-B39F-93243663F3F1}.Release|x64.Build.0 = Release|x64
		{F33FD62B-9CAF-4348-B39F-93243663F3F1}.Release|x86.ActiveCfg = Release|Win32
		{F33FD62B-9CAF-4348-B39F-93243663F3F1}.Release|x86.Build.0 = Release|Win32
		{2840EF12-D75D-46A5-A49A-FCF306D5B952}.Debug|x64.ActiveCfg = Debug|x64
		{2840EF12-D75D-46A5-A49A-FCF306D5B952}.Debug|x64.Build.0 = Debug|x64
		{2840EF12-D75D-46A5-A49A-FCF306D5B952}.Debug|x86.ActiveCfg = Debug|Win32
		{2840EF12-D75D-46A5-A49A-FCF306D5B952}.Debug|x86.Build.0 = Debug|Win32
		{2840EF12-D75D-46A5-A49A-FCF306D5B952}.Release|x64.ActiveCfg = Release|x64
		{2840EF12-D75D-46A5-A49A-FCF306D5B952}.Release|x64.Build.0 = Release|x64
		{2840EF12-D75D-46A5-A49A-FCF306D5B952}.Release|x86.ActiveCfg = Release|Win32
		{2840EF12-D75D-46A5-A49A-FCF306D5B952}.Release|x86.Build.0 = Release|Win32
		{03A27B8B-2343-4E9F-8D78-146E0967616D}.Debug|x64.ActiveCfg = Debug|x64
		{03A27B8B-2343-4E9F-8D78-146E0967616D}.Debug|x64.Build.0 = Debug|x64
		{03A27B8B-2343-4E9F-8D78-146E0967616D}.Debug|x86.ActiveCfg = Debug|Win32
		{03A27B8B-2343-4E9F-8D78-146E0967616D}.Debug|x86.Build.0 = Debug|Win32
		{03A27B8B-2343-4E9F-8D78-146E0967616D}.Release|x64.ActiveCfg = Release|x64
		{03A27B8B-2343-4E9F-8D78-146E0967616D}.Release|x64.Build.0 = Release|x64
		{03A27B8B-2343-4E9F-8D78-146E0967616D}.Release|x86.ActiveCfg = Release|Win32
		{03A27B8B-2343-4E9F-8D78-146E0967616D}.Release|x86.Build.0 = Release|Win32
		{8CA63B79-0F98-4458-9732-0804732B8CC0}.Debug|x64.ActiveCfg = Debug|x64
		{8CA63B79-0F98-4458-9732-0804732B8CC0}.Debug|x64.Build.0 = Debug|x64
		{8CA63B79-0F98-4458-9732-0804732B8CC0}.Debug|x86.ActiveCfg = Debug|Win32
		{8CA63B79-0F98-4458-9732-0804732B8CC0}.Debug|x86.Build.0 = Debug|Win32
		{8CA63B79-0F98-4458-9732-0804732B8CC0}.Release|x64.ActiveCfg = Release|x64
		{8CA63B79-0F98-4458-9732-0804732B8CC0}.Release|x64.Build.0 = Release|x64
		{8CA63B79-0F98-4458-9732-0804732B8CC0}.Release|x86.ActiveCfg = Release|Win32
		{8CA63B79-0F98-4458-9732-0804732B8CC0}.Release|x86.Build.0 = Release|Win32
		{07B216BF-4AEA-4A4F-A0F1-DC58F58AD98F}.Debug|x64.ActiveCfg = Debug|x64
		{07B216BF-4AEA-4A4F-A0F1-DC58F58AD98F}.Debug|x64.Build.0 = Debug|x64
		{07B216BF-4AEA-4A4F-A0F1-DC58F58AD98F}.Debug|x86.ActiveCfg = Debug|Win32
		{07B216BF-4AEA-4A4F-A0F1-DC58F58AD98F}.Debug|x86.Build.0 = Debug|Win32
		{07B216BF-4AEA-4A4F-A0F1-DC58F58AD98F}.Release|x64.ActiveCfg = Release|x64
		{07B216BF-4AEA-4A4F-A0F1-DC58F58AD98F}.Release|x64.Build.0 = Release|x64
		{07B216BF-4AEA-4A4F-A0F1-DC58F58AD98F}.Release|x86.ActiveCfg = Release|Win32
		{07B216BF-4AEA-4A4F-A0F1-DC58F58AD98F}.Release|x86.Build.0 = Release|Win32
		{DE41259C-B958-4456-B4F3-F607C60B92A0}.Debug|x64.ActiveCfg = Debug|x64
		{DE41259C-B958-4456-B4F3-F607C60B92A0}.Debug|x64.Build.0 = Debug|x64
		{DE41259C-B958-4456-B4F3-F607C60B92A0}.Debug|x86.ActiveCfg = Debug|Win32
		{DE41259C-B958-4456-B4F3-F607C60B92A0}.Debug|x86.Build.0 = Debug|Win32
		{DE41259C-B958-4456-B4F3-F607C60B92A0}.Release|x64.ActiveCfg = Release|x64
		{DE41259C-B958-4456-B4F3-F607C60B92A0}.Release|x64.Build.0 = Release|x64
		{DE41259C-B958-4456-B4F3-F607C60B92A0}.Release|x86.ActiveCfg = Release|Win32
		{DE41259C-B958-4456-B4F3-F607C60B92A0}.Release|x86.Build.0 = Release|Win32
		{296DC027-CFEA-41C9-9E09-6A0E34C7B476}.Debug|x64.ActiveCfg = Debug|x64
		{296DC027-CFEA-41C9-9E09-6A0E34C7B476}.Debug|x64.Build.0 = Debug|x64
		{296DC027-CFEA-41C9-9E09-6A0E34C7B476}.Debug|x86.ActiveCfg = Debug|Win32
		{296DC027-CFEA-41C9-9E09-6A0E34C7B476}.Debug|x86.Build.0 = Debug|Win32
		{296DC027-CFEA-41C9-9E09-6A0E34C7B476}.Release|x64.ActiveCfg = Release|x64
		{296DC027-CFEA-41C9-9E09-6A0E34C7B476}.Release|x64.Build.0 = Release|x64
		{296DC027-CFEA-41C9-9E09-6A0E34C7B476}.Release|x86.ActiveCfg = Release|Win32
		{296DC027-CFEA-41C9-9E09-6A0E34C7B476}.Release|x86.Build.0 = Release|Win32
		{29E64ADD-51D7-46E9-BA0F-4545C7E4DB1E}.Debug|x64.ActiveCfg = Debug|x64
		{29E64ADD-51D7-46E9-BA0F-4545C7E4DB1E}.Debug|x64.Build.0 = Debug|x64
		{29E64ADD-51D7-46E9-BA0F-4545C7E4DB1E}.Debug|x86.ActiveCfg = Debug|Win32
		{29E64ADD-51D7-46E9-BA0F-4545C7E4DB1E}.Debug|x86.Build.0 = Debug|Win32
		{29E64ADD-51D7-46E9-BA0F-4545C7E4DB1E}.Release|x64.ActiveCfg = Release|x64
		{29E64ADD-51D7-46E9-BA0F-4545C7E4DB1E}.Release|x64.Build.0 = Release|x64
		{29E64ADD-51D7-46E9-BA0F-4545C7E4DB1E}.Release|x86.ActiveCfg = Release|Win32
		{29E64ADD-51D7-46E9-BA0F-4545C7E4DB1E}.Release|x86.Build.0 = Release|Win32
		{E353128D-C7BC-413E-8879-0FCA4C6BB617}.Debug|x64.ActiveCfg = Debug|x64
		{E353128D-C7BC-413E-8879-0FCA4C6BB617}.Debug|x64.Build.0 = Debug|x64
		{E353128D-C7BC-413E-8879-0FCA4C6BB617}.Debug|x86.ActiveCfg = Debug|Win32
		{E353128D-C7BC-413E-8879-0FCA4C6BB617}.Debug|x86.Build.0 = Debug|Win32
		{E353128D-C7BC-413E-8879-0FCA4C6BB617}.Release|x64.ActiveCfg = Release|x64
		{E353128D-C7BC-413E-8879-0FCA4C6BB617}.Release|x64.Build.0 = Release|x64
		{E353128D-C7BC-413E-8879-0FCA4C6BB617}.Release|x86.ActiveCfg = Release|Win32
		{E353128D-C7BC-413E-8879-0FCA4C6BB617}.Release|x86.Build.0 = Release|Win32
		{4E766DEB-4540-4A83-9DFC-03F387F32914}.Debug|x64.ActiveCfg = Debug|x64
		{4E766DEB-4540-4A83-9DFC-03F387F32914}.Debug|x64.Build.0 = Debug|x64
		{4E766DEB-4540-4A83-9DFC-03F387F32914}.Debug|x86.ActiveCfg = Debug|Win32
		{4E766DEB-4540-4A83-9DFC-03F387F32914}.Debug|x86.Build.0 = Debug|Win32
		{4E766DEB-4540-4A83-9DFC-03F387F32914}.Release|x64.ActiveCfg = Release|x64
		{4E766DEB-4540-4A83-9DFC-03F387F32914}.Release|x64.Build.0 = Release|x64
		{4E766DEB-4540-4A83-9DFC-03F387F32914}.Release|x86.ActiveCfg = Release|Win32
		{4E766DEB-4540-4A83-9DFC-03F387F32914}.Release|x86.Build.0 = Release|Win32
		{A4DF5C2E-3087-4697-94D6-BB705C7A1477}.Debug|x64.ActiveCfg = Debug|x64
		{A4DF5C2E-3087-4697-94D6-BB705C7A1477}.Debug|x64.Build.0 = Debug|x64
		{A4DF5C2E-3087-4697-94D6-BB705C7A1477}.Debug|x86.ActiveCfg = Debug|Win32
		{A4DF5C2E-3087-4697-94D6-BB705C7A1477}.Debug|x86.Build.0 = Debug|Win32
		{A4DF5C2E-3087-4697-94D6-BB705C7A1477}.Release|x64.ActiveCfg = Release|x64
		{A4DF5C2E-3087-4697-94D6-BB705C7A1477}.Release|x64.Build.0 = Release|x64
		{A4DF5C2E-3087-4697-94D6-BB705C7A1477}.Release|x86.ActiveCfg = Release|Win32
		{A4DF5C2E-3087-4697-94D6-BB705C7A1477}.Release|x86.Build.0 = Release|Win32
		{50172665-69A3-4F4D-9A6A-7C5F9AB2459B}.Debug|x64.ActiveCfg = Debug|x64
		{50172665-69A3-4F4D-9A6A-7C5F9AB2459B}.Debug|x64.Build.0 = Debug|x64
		{50172665-69A3-4F4D-9A6A-7C5F9AB2459B}.Debug|x86.ActiveCfg = Debug|Win32
		{50172665-69A3-4F4D-9A6A-7C5F9AB2459B}.Debug|x86.Build.0 = Debug|Win32
		{50172665-69A3-4F4D-9A6A-7C5F9AB2459B}.Release|x64.ActiveCfg = Release|x64
		{50172665-69A3-4F4D-9A6A-7C5F9AB2459B}.Release|x64.Build.0 = Release|x64
		{50172665-69A3-4F4D-9A6A-7C5F9AB2459B}.Release|x86.ActiveCfg = Release|Win32
		{50172665-69A3-4F4D-9A6A-7C5F9AB2459B}.Release|x86.Build.0 = Release|Win32
		{273BBC12-B632-4C9F-B06F-110061F333D4}.Debug|x64.ActiveCfg = Debug|x64
		{273BBC12-B632-4C9F-B06F-110061F333D4}.Debug|x64.Build.0 = Debug|x64
		{273BBC12-B632-4C9F-B06F-110061F333D4}.Debug|x86.ActiveCfg = Debug|Win32
		{273BBC12-B632-4C9F-B06F-110061F333D4}.Debug|x86.Build.0 = Debug|Win32
		{273BBC12-B632-4C9F-B06F-110061F333D4}.Release|x64.ActiveCfg = Release|x64
		{273BBC12-B632-4C9F-B06F-110061F333D4}.Release|x64.Build.0 = Release|x64
		{273BBC12-B632-4C9F-B06F-110061F333D4}.Release|x86.ActiveCfg = Release|Win32
		{273BBC12-B632-4C9F-B06F-110061F333D4}.Release|x86.Build.0 = Release|Win32
		{3E16159D-AB60-490E-A62D-1AEBDE077CE2}.Debug|x64.ActiveCfg = Debug|x64
		{3E16159D-AB60-490E-A62D-1AEBDE077CE2}.Debug|x64.Build.0 = Debug|x64
		{3E16159D-AB60-490E-A62D-1AEBDE077CE2}.Debug|x86.ActiveCfg = Debug|Win32
		{3E16159D-AB60-490E-A62D-1AEBDE077CE2}.Debug|x86.Build.0 = Debug|Win32
		{3E16159D-AB60-490E-A62D-1AEBDE077CE2}.Release|x64.ActiveCfg = Release|x64
		{3E16159D-AB60-490E-A62D-1AEBDE077CE2}.Release|x64.Build.0 = Release|x64
		{3E16159D-AB60-490E-A62D-1AEBDE077CE2}.Release|x86.ActiveCfg = Release|Win32
		{3E16159D-AB60-490E-A62D-1AEBDE077CE2}.Release|x86.Build.0 = Release|Win32
	EndGlobalSection
	GlobalSection(SolutionProperties) = preSolution
		HideSolutionNode = FALSE
	EndGlobalSection
	GlobalSection(ExtensibilityGlobals) = postSolution
		SolutionGuid = {DA63E170-267D-44C4-9F0C-1BED1FB2639D}
	EndGlobalSection
EndGlobal
