
Microsoft Visual Studio Solution File, Format Version 12.00
# Visual Studio Version 17
VisualStudioVersion = 17.1.32421.90
MinimumVisualStudioVersion = 10.0.40219.1
Project("{8BC9CEB8-8B4A-11D0-8D11-00A0C91BC942}") = "1929 소수구하기", "1929 소수구하기\1929 소수구하기.vcxproj", "{9285827E-6F57-4900-89B2-E4596738CAC3}"
EndProject
Project("{8BC9CEB8-8B4A-11D0-8D11-00A0C91BC942}") = "25191 치킨댄스를 추는 곰곰이를 본 임스", "25191 치킨댄스를 추는 곰곰이를 본 임스\25191 치킨댄스를 추는 곰곰이를 본 임스.vcxproj", "{28820F0A-EC02-4998-BA57-8F7FC569CD47}"
EndProject
Project("{8BC9CEB8-8B4A-11D0-8D11-00A0C91BC942}") = "25175 두부두부두부", "25175 두부두부두부\25175 두부두부두부.vcxproj", "{341942CE-6BF8-482E-8A59-1C641CADEF23}"
EndProject
Project("{8BC9CEB8-8B4A-11D0-8D11-00A0C91BC942}") = "2775 부녀회장이 될테야", "2775 부녀회장이 될테야\2775 부녀회장이 될테야.vcxproj", "{7E95756C-4D8B-47E5-AF99-9E30C713A4CA}"
EndProject
Project("{8BC9CEB8-8B4A-11D0-8D11-00A0C91BC942}") = "2869 달팽이는 올라가고싶다", "2869 달팽이는 올라가고싶다\2869 달팽이는 올라가고싶다.vcxproj", "{B973CDEB-C7BD-4940-8229-2A1831AD3870}"
EndProject
Project("{8BC9CEB8-8B4A-11D0-8D11-00A0C91BC942}") = "2750 수정렬하기", "2750 수정렬하기\2750 수정렬하기.vcxproj", "{354C7B3C-8847-43A6-91C2-7D6A8FB05E8A}"
EndProject
Global
	GlobalSection(SolutionConfigurationPlatforms) = preSolution
		Debug|x64 = Debug|x64
		Debug|x86 = Debug|x86
		Release|x64 = Release|x64
		Release|x86 = Release|x86
	EndGlobalSection
	GlobalSection(ProjectConfigurationPlatforms) = postSolution
		{9285827E-6F57-4900-89B2-E4596738CAC3}.Debug|x64.ActiveCfg = Debug|x64
		{9285827E-6F57-4900-89B2-E4596738CAC3}.Debug|x64.Build.0 = Debug|x64
		{9285827E-6F57-4900-89B2-E4596738CAC3}.Debug|x86.ActiveCfg = Debug|Win32
		{9285827E-6F57-4900-89B2-E4596738CAC3}.Debug|x86.Build.0 = Debug|Win32
		{9285827E-6F57-4900-89B2-E4596738CAC3}.Release|x64.ActiveCfg = Release|x64
		{9285827E-6F57-4900-89B2-E4596738CAC3}.Release|x64.Build.0 = Release|x64
		{9285827E-6F57-4900-89B2-E4596738CAC3}.Release|x86.ActiveCfg = Release|Win32
		{9285827E-6F57-4900-89B2-E4596738CAC3}.Release|x86.Build.0 = Release|Win32
		{28820F0A-EC02-4998-BA57-8F7FC569CD47}.Debug|x64.ActiveCfg = Debug|x64
		{28820F0A-EC02-4998-BA57-8F7FC569CD47}.Debug|x64.Build.0 = Debug|x64
		{28820F0A-EC02-4998-BA57-8F7FC569CD47}.Debug|x86.ActiveCfg = Debug|Win32
		{28820F0A-EC02-4998-BA57-8F7FC569CD47}.Debug|x86.Build.0 = Debug|Win32
		{28820F0A-EC02-4998-BA57-8F7FC569CD47}.Release|x64.ActiveCfg = Release|x64
		{28820F0A-EC02-4998-BA57-8F7FC569CD47}.Release|x64.Build.0 = Release|x64
		{28820F0A-EC02-4998-BA57-8F7FC569CD47}.Release|x86.ActiveCfg = Release|Win32
		{28820F0A-EC02-4998-BA57-8F7FC569CD47}.Release|x86.Build.0 = Release|Win32
		{341942CE-6BF8-482E-8A59-1C641CADEF23}.Debug|x64.ActiveCfg = Debug|x64
		{341942CE-6BF8-482E-8A59-1C641CADEF23}.Debug|x64.Build.0 = Debug|x64
		{341942CE-6BF8-482E-8A59-1C641CADEF23}.Debug|x86.ActiveCfg = Debug|Win32
		{341942CE-6BF8-482E-8A59-1C641CADEF23}.Debug|x86.Build.0 = Debug|Win32
		{341942CE-6BF8-482E-8A59-1C641CADEF23}.Release|x64.ActiveCfg = Release|x64
		{341942CE-6BF8-482E-8A59-1C641CADEF23}.Release|x64.Build.0 = Release|x64
		{341942CE-6BF8-482E-8A59-1C641CADEF23}.Release|x86.ActiveCfg = Release|Win32
		{341942CE-6BF8-482E-8A59-1C641CADEF23}.Release|x86.Build.0 = Release|Win32
		{7E95756C-4D8B-47E5-AF99-9E30C713A4CA}.Debug|x64.ActiveCfg = Debug|x64
		{7E95756C-4D8B-47E5-AF99-9E30C713A4CA}.Debug|x64.Build.0 = Debug|x64
		{7E95756C-4D8B-47E5-AF99-9E30C713A4CA}.Debug|x86.ActiveCfg = Debug|Win32
		{7E95756C-4D8B-47E5-AF99-9E30C713A4CA}.Debug|x86.Build.0 = Debug|Win32
		{7E95756C-4D8B-47E5-AF99-9E30C713A4CA}.Release|x64.ActiveCfg = Release|x64
		{7E95756C-4D8B-47E5-AF99-9E30C713A4CA}.Release|x64.Build.0 = Release|x64
		{7E95756C-4D8B-47E5-AF99-9E30C713A4CA}.Release|x86.ActiveCfg = Release|Win32
		{7E95756C-4D8B-47E5-AF99-9E30C713A4CA}.Release|x86.Build.0 = Release|Win32
		{B973CDEB-C7BD-4940-8229-2A1831AD3870}.Debug|x64.ActiveCfg = Debug|x64
		{B973CDEB-C7BD-4940-8229-2A1831AD3870}.Debug|x64.Build.0 = Debug|x64
		{B973CDEB-C7BD-4940-8229-2A1831AD3870}.Debug|x86.ActiveCfg = Debug|Win32
		{B973CDEB-C7BD-4940-8229-2A1831AD3870}.Debug|x86.Build.0 = Debug|Win32
		{B973CDEB-C7BD-4940-8229-2A1831AD3870}.Release|x64.ActiveCfg = Release|x64
		{B973CDEB-C7BD-4940-8229-2A1831AD3870}.Release|x64.Build.0 = Release|x64
		{B973CDEB-C7BD-4940-8229-2A1831AD3870}.Release|x86.ActiveCfg = Release|Win32
		{B973CDEB-C7BD-4940-8229-2A1831AD3870}.Release|x86.Build.0 = Release|Win32
		{354C7B3C-8847-43A6-91C2-7D6A8FB05E8A}.Debug|x64.ActiveCfg = Debug|x64
		{354C7B3C-8847-43A6-91C2-7D6A8FB05E8A}.Debug|x64.Build.0 = Debug|x64
		{354C7B3C-8847-43A6-91C2-7D6A8FB05E8A}.Debug|x86.ActiveCfg = Debug|Win32
		{354C7B3C-8847-43A6-91C2-7D6A8FB05E8A}.Debug|x86.Build.0 = Debug|Win32
		{354C7B3C-8847-43A6-91C2-7D6A8FB05E8A}.Release|x64.ActiveCfg = Release|x64
		{354C7B3C-8847-43A6-91C2-7D6A8FB05E8A}.Release|x64.Build.0 = Release|x64
		{354C7B3C-8847-43A6-91C2-7D6A8FB05E8A}.Release|x86.ActiveCfg = Release|Win32
		{354C7B3C-8847-43A6-91C2-7D6A8FB05E8A}.Release|x86.Build.0 = Release|Win32
	EndGlobalSection
	GlobalSection(SolutionProperties) = preSolution
		HideSolutionNode = FALSE
	EndGlobalSection
	GlobalSection(ExtensibilityGlobals) = postSolution
		SolutionGuid = {DA63E170-267D-44C4-9F0C-1BED1FB2639D}
	EndGlobalSection
EndGlobal
