
Microsoft Visual Studio Solution File, Format Version 12.00
# Visual Studio Version 17
VisualStudioVersion = 17.2.32519.379
MinimumVisualStudioVersion = 10.0.40219.1
Project("{8BC9CEB8-8B4A-11D0-8D11-00A0C91BC942}") = "Hello", "Hello\Hello.vcxproj", "{BAE3D8A4-544A-4CFE-9A45-CE62B34A7901}"
EndProject
Project("{8BC9CEB8-8B4A-11D0-8D11-00A0C91BC942}") = "채팅프로그램", "채팅프로그램\채팅프로그램.vcxproj", "{5E8DA5B5-F91A-41B9-A2D8-0C149657F8DE}"
EndProject
Project("{8BC9CEB8-8B4A-11D0-8D11-00A0C91BC942}") = "Spend", "Spend\Spend.vcxproj", "{57E07759-8220-4290-A838-830FF8A919E2}"
EndProject
Project("{8BC9CEB8-8B4A-11D0-8D11-00A0C91BC942}") = "MFC", "MFC\MFC.vcxproj", "{CA0BE068-E86C-4704-906C-6EDF66844248}"
EndProject
Project("{8BC9CEB8-8B4A-11D0-8D11-00A0C91BC942}") = "MFC List Control", "MFC List Control\MFC List Control.vcxproj", "{5C7BB4F2-CBF2-4D34-8B5C-C57BB3393642}"
EndProject
Project("{8BC9CEB8-8B4A-11D0-8D11-00A0C91BC942}") = "MFC Message", "MFC Message\MFC Message.vcxproj", "{35133D94-9472-49C3-BD33-6E52F2FC3264}"
EndProject
Project("{8BC9CEB8-8B4A-11D0-8D11-00A0C91BC942}") = "MFC TextFunction", "MFC TextFunction\MFC TextFunction.vcxproj", "{24ECF31C-2151-4A75-B40D-84B77D25FC89}"
EndProject
Project("{8BC9CEB8-8B4A-11D0-8D11-00A0C91BC942}") = "MFC TimerThread", "MFC TimerThread\MFC TimerThread.vcxproj", "{B3FE6408-EC3A-45D2-ACD3-6FF8A875F979}"
EndProject
Project("{8BC9CEB8-8B4A-11D0-8D11-00A0C91BC942}") = "MFC TabControl", "MFC TabControl\MFC TabControl.vcxproj", "{FBA2E773-1AE3-4772-9248-2DA2255B0127}"
EndProject
Global
	GlobalSection(SolutionConfigurationPlatforms) = preSolution
		Debug|x64 = Debug|x64
		Debug|x86 = Debug|x86
		Release|x64 = Release|x64
		Release|x86 = Release|x86
	EndGlobalSection
	GlobalSection(ProjectConfigurationPlatforms) = postSolution
		{BAE3D8A4-544A-4CFE-9A45-CE62B34A7901}.Debug|x64.ActiveCfg = Debug|x64
		{BAE3D8A4-544A-4CFE-9A45-CE62B34A7901}.Debug|x64.Build.0 = Debug|x64
		{BAE3D8A4-544A-4CFE-9A45-CE62B34A7901}.Debug|x86.ActiveCfg = Debug|Win32
		{BAE3D8A4-544A-4CFE-9A45-CE62B34A7901}.Debug|x86.Build.0 = Debug|Win32
		{BAE3D8A4-544A-4CFE-9A45-CE62B34A7901}.Release|x64.ActiveCfg = Release|x64
		{BAE3D8A4-544A-4CFE-9A45-CE62B34A7901}.Release|x64.Build.0 = Release|x64
		{BAE3D8A4-544A-4CFE-9A45-CE62B34A7901}.Release|x86.ActiveCfg = Release|Win32
		{BAE3D8A4-544A-4CFE-9A45-CE62B34A7901}.Release|x86.Build.0 = Release|Win32
		{5E8DA5B5-F91A-41B9-A2D8-0C149657F8DE}.Debug|x64.ActiveCfg = Debug|x64
		{5E8DA5B5-F91A-41B9-A2D8-0C149657F8DE}.Debug|x64.Build.0 = Debug|x64
		{5E8DA5B5-F91A-41B9-A2D8-0C149657F8DE}.Debug|x86.ActiveCfg = Debug|Win32
		{5E8DA5B5-F91A-41B9-A2D8-0C149657F8DE}.Debug|x86.Build.0 = Debug|Win32
		{5E8DA5B5-F91A-41B9-A2D8-0C149657F8DE}.Release|x64.ActiveCfg = Release|x64
		{5E8DA5B5-F91A-41B9-A2D8-0C149657F8DE}.Release|x64.Build.0 = Release|x64
		{5E8DA5B5-F91A-41B9-A2D8-0C149657F8DE}.Release|x86.ActiveCfg = Release|Win32
		{5E8DA5B5-F91A-41B9-A2D8-0C149657F8DE}.Release|x86.Build.0 = Release|Win32
		{57E07759-8220-4290-A838-830FF8A919E2}.Debug|x64.ActiveCfg = Debug|x64
		{57E07759-8220-4290-A838-830FF8A919E2}.Debug|x64.Build.0 = Debug|x64
		{57E07759-8220-4290-A838-830FF8A919E2}.Debug|x86.ActiveCfg = Debug|Win32
		{57E07759-8220-4290-A838-830FF8A919E2}.Debug|x86.Build.0 = Debug|Win32
		{57E07759-8220-4290-A838-830FF8A919E2}.Release|x64.ActiveCfg = Release|x64
		{57E07759-8220-4290-A838-830FF8A919E2}.Release|x64.Build.0 = Release|x64
		{57E07759-8220-4290-A838-830FF8A919E2}.Release|x86.ActiveCfg = Release|Win32
		{57E07759-8220-4290-A838-830FF8A919E2}.Release|x86.Build.0 = Release|Win32
		{CA0BE068-E86C-4704-906C-6EDF66844248}.Debug|x64.ActiveCfg = Debug|x64
		{CA0BE068-E86C-4704-906C-6EDF66844248}.Debug|x64.Build.0 = Debug|x64
		{CA0BE068-E86C-4704-906C-6EDF66844248}.Debug|x86.ActiveCfg = Debug|Win32
		{CA0BE068-E86C-4704-906C-6EDF66844248}.Debug|x86.Build.0 = Debug|Win32
		{CA0BE068-E86C-4704-906C-6EDF66844248}.Release|x64.ActiveCfg = Release|x64
		{CA0BE068-E86C-4704-906C-6EDF66844248}.Release|x64.Build.0 = Release|x64
		{CA0BE068-E86C-4704-906C-6EDF66844248}.Release|x86.ActiveCfg = Release|Win32
		{CA0BE068-E86C-4704-906C-6EDF66844248}.Release|x86.Build.0 = Release|Win32
		{5C7BB4F2-CBF2-4D34-8B5C-C57BB3393642}.Debug|x64.ActiveCfg = Debug|x64
		{5C7BB4F2-CBF2-4D34-8B5C-C57BB3393642}.Debug|x64.Build.0 = Debug|x64
		{5C7BB4F2-CBF2-4D34-8B5C-C57BB3393642}.Debug|x86.ActiveCfg = Debug|Win32
		{5C7BB4F2-CBF2-4D34-8B5C-C57BB3393642}.Debug|x86.Build.0 = Debug|Win32
		{5C7BB4F2-CBF2-4D34-8B5C-C57BB3393642}.Release|x64.ActiveCfg = Release|x64
		{5C7BB4F2-CBF2-4D34-8B5C-C57BB3393642}.Release|x64.Build.0 = Release|x64
		{5C7BB4F2-CBF2-4D34-8B5C-C57BB3393642}.Release|x86.ActiveCfg = Release|Win32
		{5C7BB4F2-CBF2-4D34-8B5C-C57BB3393642}.Release|x86.Build.0 = Release|Win32
		{35133D94-9472-49C3-BD33-6E52F2FC3264}.Debug|x64.ActiveCfg = Debug|x64
		{35133D94-9472-49C3-BD33-6E52F2FC3264}.Debug|x64.Build.0 = Debug|x64
		{35133D94-9472-49C3-BD33-6E52F2FC3264}.Debug|x86.ActiveCfg = Debug|Win32
		{35133D94-9472-49C3-BD33-6E52F2FC3264}.Debug|x86.Build.0 = Debug|Win32
		{35133D94-9472-49C3-BD33-6E52F2FC3264}.Release|x64.ActiveCfg = Release|x64
		{35133D94-9472-49C3-BD33-6E52F2FC3264}.Release|x64.Build.0 = Release|x64
		{35133D94-9472-49C3-BD33-6E52F2FC3264}.Release|x86.ActiveCfg = Release|Win32
		{35133D94-9472-49C3-BD33-6E52F2FC3264}.Release|x86.Build.0 = Release|Win32
		{24ECF31C-2151-4A75-B40D-84B77D25FC89}.Debug|x64.ActiveCfg = Debug|x64
		{24ECF31C-2151-4A75-B40D-84B77D25FC89}.Debug|x64.Build.0 = Debug|x64
		{24ECF31C-2151-4A75-B40D-84B77D25FC89}.Debug|x86.ActiveCfg = Debug|Win32
		{24ECF31C-2151-4A75-B40D-84B77D25FC89}.Debug|x86.Build.0 = Debug|Win32
		{24ECF31C-2151-4A75-B40D-84B77D25FC89}.Release|x64.ActiveCfg = Release|x64
		{24ECF31C-2151-4A75-B40D-84B77D25FC89}.Release|x64.Build.0 = Release|x64
		{24ECF31C-2151-4A75-B40D-84B77D25FC89}.Release|x86.ActiveCfg = Release|Win32
		{24ECF31C-2151-4A75-B40D-84B77D25FC89}.Release|x86.Build.0 = Release|Win32
		{B3FE6408-EC3A-45D2-ACD3-6FF8A875F979}.Debug|x64.ActiveCfg = Debug|x64
		{B3FE6408-EC3A-45D2-ACD3-6FF8A875F979}.Debug|x64.Build.0 = Debug|x64
		{B3FE6408-EC3A-45D2-ACD3-6FF8A875F979}.Debug|x86.ActiveCfg = Debug|Win32
		{B3FE6408-EC3A-45D2-ACD3-6FF8A875F979}.Debug|x86.Build.0 = Debug|Win32
		{B3FE6408-EC3A-45D2-ACD3-6FF8A875F979}.Release|x64.ActiveCfg = Release|x64
		{B3FE6408-EC3A-45D2-ACD3-6FF8A875F979}.Release|x64.Build.0 = Release|x64
		{B3FE6408-EC3A-45D2-ACD3-6FF8A875F979}.Release|x86.ActiveCfg = Release|Win32
		{B3FE6408-EC3A-45D2-ACD3-6FF8A875F979}.Release|x86.Build.0 = Release|Win32
		{FBA2E773-1AE3-4772-9248-2DA2255B0127}.Debug|x64.ActiveCfg = Debug|x64
		{FBA2E773-1AE3-4772-9248-2DA2255B0127}.Debug|x64.Build.0 = Debug|x64
		{FBA2E773-1AE3-4772-9248-2DA2255B0127}.Debug|x86.ActiveCfg = Debug|Win32
		{FBA2E773-1AE3-4772-9248-2DA2255B0127}.Debug|x86.Build.0 = Debug|Win32
		{FBA2E773-1AE3-4772-9248-2DA2255B0127}.Release|x64.ActiveCfg = Release|x64
		{FBA2E773-1AE3-4772-9248-2DA2255B0127}.Release|x64.Build.0 = Release|x64
		{FBA2E773-1AE3-4772-9248-2DA2255B0127}.Release|x86.ActiveCfg = Release|Win32
		{FBA2E773-1AE3-4772-9248-2DA2255B0127}.Release|x86.Build.0 = Release|Win32
	EndGlobalSection
	GlobalSection(SolutionProperties) = preSolution
		HideSolutionNode = FALSE
	EndGlobalSection
	GlobalSection(ExtensibilityGlobals) = postSolution
		SolutionGuid = {DADF688E-D5FE-463A-875E-B3C1461BFDCA}
	EndGlobalSection
EndGlobal
