
Microsoft Visual Studio Solution File, Format Version 12.00
# Visual Studio Version 17
VisualStudioVersion = 17.1.32421.90
MinimumVisualStudioVersion = 10.0.40219.1
Project("{8BC9CEB8-8B4A-11D0-8D11-00A0C91BC942}") = "계산기", "계산기\계산기.vcxproj", "{60CC7BF9-62BD-47B5-A97D-93DA67221E90}"
EndProject
Project("{8BC9CEB8-8B4A-11D0-8D11-00A0C91BC942}") = "로켓 발사", "로켓 발사\로켓 발사.vcxproj", "{25ADCE02-DA61-4CB6-83F6-BD0E612C3029}"
EndProject
Project("{8BC9CEB8-8B4A-11D0-8D11-00A0C91BC942}") = "업앤다운", "업앤다운\업앤다운.vcxproj", "{A9C2062F-30C6-4CDD-B96E-E6C7616A5937}"
EndProject
Project("{8BC9CEB8-8B4A-11D0-8D11-00A0C91BC942}") = "샘플", "샘플\샘플.vcxproj", "{6123649D-0D06-4134-B13C-E7B5E7FBFB32}"
EndProject
Project("{8BC9CEB8-8B4A-11D0-8D11-00A0C91BC942}") = "랜덤행맨", "랜덤행맨\랜덤행맨.vcxproj", "{1F66EEFC-CC2A-43FD-9542-492E2A88E2C3}"
EndProject
Project("{8BC9CEB8-8B4A-11D0-8D11-00A0C91BC942}") = "별찍기", "별찍기\별찍기.vcxproj", "{FC240FD5-9D16-43F9-8E7D-15A3947F549A}"
EndProject
Project("{8BC9CEB8-8B4A-11D0-8D11-00A0C91BC942}") = "팩토리얼", "팩토리얼\팩토리얼.vcxproj", "{2428697B-2EC6-4D2E-B4A5-7DE6A0A872F6}"
EndProject
Project("{8BC9CEB8-8B4A-11D0-8D11-00A0C91BC942}") = "피보나치", "피보나치\피보나치.vcxproj", "{13CB0945-764E-46F8-8003-B0E07C417968}"
EndProject
Global
	GlobalSection(SolutionConfigurationPlatforms) = preSolution
		Debug|x64 = Debug|x64
		Debug|x86 = Debug|x86
		Release|x64 = Release|x64
		Release|x86 = Release|x86
	EndGlobalSection
	GlobalSection(ProjectConfigurationPlatforms) = postSolution
		{60CC7BF9-62BD-47B5-A97D-93DA67221E90}.Debug|x64.ActiveCfg = Debug|x64
		{60CC7BF9-62BD-47B5-A97D-93DA67221E90}.Debug|x64.Build.0 = Debug|x64
		{60CC7BF9-62BD-47B5-A97D-93DA67221E90}.Debug|x86.ActiveCfg = Debug|Win32
		{60CC7BF9-62BD-47B5-A97D-93DA67221E90}.Debug|x86.Build.0 = Debug|Win32
		{60CC7BF9-62BD-47B5-A97D-93DA67221E90}.Release|x64.ActiveCfg = Release|x64
		{60CC7BF9-62BD-47B5-A97D-93DA67221E90}.Release|x64.Build.0 = Release|x64
		{60CC7BF9-62BD-47B5-A97D-93DA67221E90}.Release|x86.ActiveCfg = Release|Win32
		{60CC7BF9-62BD-47B5-A97D-93DA67221E90}.Release|x86.Build.0 = Release|Win32
		{25ADCE02-DA61-4CB6-83F6-BD0E612C3029}.Debug|x64.ActiveCfg = Debug|x64
		{25ADCE02-DA61-4CB6-83F6-BD0E612C3029}.Debug|x64.Build.0 = Debug|x64
		{25ADCE02-DA61-4CB6-83F6-BD0E612C3029}.Debug|x86.ActiveCfg = Debug|Win32
		{25ADCE02-DA61-4CB6-83F6-BD0E612C3029}.Debug|x86.Build.0 = Debug|Win32
		{25ADCE02-DA61-4CB6-83F6-BD0E612C3029}.Release|x64.ActiveCfg = Release|x64
		{25ADCE02-DA61-4CB6-83F6-BD0E612C3029}.Release|x64.Build.0 = Release|x64
		{25ADCE02-DA61-4CB6-83F6-BD0E612C3029}.Release|x86.ActiveCfg = Release|Win32
		{25ADCE02-DA61-4CB6-83F6-BD0E612C3029}.Release|x86.Build.0 = Release|Win32
		{A9C2062F-30C6-4CDD-B96E-E6C7616A5937}.Debug|x64.ActiveCfg = Debug|x64
		{A9C2062F-30C6-4CDD-B96E-E6C7616A5937}.Debug|x64.Build.0 = Debug|x64
		{A9C2062F-30C6-4CDD-B96E-E6C7616A5937}.Debug|x86.ActiveCfg = Debug|Win32
		{A9C2062F-30C6-4CDD-B96E-E6C7616A5937}.Debug|x86.Build.0 = Debug|Win32
		{A9C2062F-30C6-4CDD-B96E-E6C7616A5937}.Release|x64.ActiveCfg = Release|x64
		{A9C2062F-30C6-4CDD-B96E-E6C7616A5937}.Release|x64.Build.0 = Release|x64
		{A9C2062F-30C6-4CDD-B96E-E6C7616A5937}.Release|x86.ActiveCfg = Release|Win32
		{A9C2062F-30C6-4CDD-B96E-E6C7616A5937}.Release|x86.Build.0 = Release|Win32
		{6123649D-0D06-4134-B13C-E7B5E7FBFB32}.Debug|x64.ActiveCfg = Debug|x64
		{6123649D-0D06-4134-B13C-E7B5E7FBFB32}.Debug|x64.Build.0 = Debug|x64
		{6123649D-0D06-4134-B13C-E7B5E7FBFB32}.Debug|x86.ActiveCfg = Debug|Win32
		{6123649D-0D06-4134-B13C-E7B5E7FBFB32}.Debug|x86.Build.0 = Debug|Win32
		{6123649D-0D06-4134-B13C-E7B5E7FBFB32}.Release|x64.ActiveCfg = Release|x64
		{6123649D-0D06-4134-B13C-E7B5E7FBFB32}.Release|x64.Build.0 = Release|x64
		{6123649D-0D06-4134-B13C-E7B5E7FBFB32}.Release|x86.ActiveCfg = Release|Win32
		{6123649D-0D06-4134-B13C-E7B5E7FBFB32}.Release|x86.Build.0 = Release|Win32
		{1F66EEFC-CC2A-43FD-9542-492E2A88E2C3}.Debug|x64.ActiveCfg = Debug|x64
		{1F66EEFC-CC2A-43FD-9542-492E2A88E2C3}.Debug|x64.Build.0 = Debug|x64
		{1F66EEFC-CC2A-43FD-9542-492E2A88E2C3}.Debug|x86.ActiveCfg = Debug|Win32
		{1F66EEFC-CC2A-43FD-9542-492E2A88E2C3}.Debug|x86.Build.0 = Debug|Win32
		{1F66EEFC-CC2A-43FD-9542-492E2A88E2C3}.Release|x64.ActiveCfg = Release|x64
		{1F66EEFC-CC2A-43FD-9542-492E2A88E2C3}.Release|x64.Build.0 = Release|x64
		{1F66EEFC-CC2A-43FD-9542-492E2A88E2C3}.Release|x86.ActiveCfg = Release|Win32
		{1F66EEFC-CC2A-43FD-9542-492E2A88E2C3}.Release|x86.Build.0 = Release|Win32
		{FC240FD5-9D16-43F9-8E7D-15A3947F549A}.Debug|x64.ActiveCfg = Debug|x64
		{FC240FD5-9D16-43F9-8E7D-15A3947F549A}.Debug|x64.Build.0 = Debug|x64
		{FC240FD5-9D16-43F9-8E7D-15A3947F549A}.Debug|x86.ActiveCfg = Debug|Win32
		{FC240FD5-9D16-43F9-8E7D-15A3947F549A}.Debug|x86.Build.0 = Debug|Win32
		{FC240FD5-9D16-43F9-8E7D-15A3947F549A}.Release|x64.ActiveCfg = Release|x64
		{FC240FD5-9D16-43F9-8E7D-15A3947F549A}.Release|x64.Build.0 = Release|x64
		{FC240FD5-9D16-43F9-8E7D-15A3947F549A}.Release|x86.ActiveCfg = Release|Win32
		{FC240FD5-9D16-43F9-8E7D-15A3947F549A}.Release|x86.Build.0 = Release|Win32
		{2428697B-2EC6-4D2E-B4A5-7DE6A0A872F6}.Debug|x64.ActiveCfg = Debug|x64
		{2428697B-2EC6-4D2E-B4A5-7DE6A0A872F6}.Debug|x64.Build.0 = Debug|x64
		{2428697B-2EC6-4D2E-B4A5-7DE6A0A872F6}.Debug|x86.ActiveCfg = Debug|Win32
		{2428697B-2EC6-4D2E-B4A5-7DE6A0A872F6}.Debug|x86.Build.0 = Debug|Win32
		{2428697B-2EC6-4D2E-B4A5-7DE6A0A872F6}.Release|x64.ActiveCfg = Release|x64
		{2428697B-2EC6-4D2E-B4A5-7DE6A0A872F6}.Release|x64.Build.0 = Release|x64
		{2428697B-2EC6-4D2E-B4A5-7DE6A0A872F6}.Release|x86.ActiveCfg = Release|Win32
		{2428697B-2EC6-4D2E-B4A5-7DE6A0A872F6}.Release|x86.Build.0 = Release|Win32
		{13CB0945-764E-46F8-8003-B0E07C417968}.Debug|x64.ActiveCfg = Debug|x64
		{13CB0945-764E-46F8-8003-B0E07C417968}.Debug|x64.Build.0 = Debug|x64
		{13CB0945-764E-46F8-8003-B0E07C417968}.Debug|x86.ActiveCfg = Debug|Win32
		{13CB0945-764E-46F8-8003-B0E07C417968}.Debug|x86.Build.0 = Debug|Win32
		{13CB0945-764E-46F8-8003-B0E07C417968}.Release|x64.ActiveCfg = Release|x64
		{13CB0945-764E-46F8-8003-B0E07C417968}.Release|x64.Build.0 = Release|x64
		{13CB0945-764E-46F8-8003-B0E07C417968}.Release|x86.ActiveCfg = Release|Win32
		{13CB0945-764E-46F8-8003-B0E07C417968}.Release|x86.Build.0 = Release|Win32
	EndGlobalSection
	GlobalSection(SolutionProperties) = preSolution
		HideSolutionNode = FALSE
	EndGlobalSection
	GlobalSection(ExtensibilityGlobals) = postSolution
		SolutionGuid = {6BB6494D-4215-4CD1-8EA1-3FB7BC4CA7CE}
	EndGlobalSection
EndGlobal
